
Microsoft Visual Studio Solution File, Format Version 12.00
# Visual Studio 14
VisualStudioVersion = 14.0.25420.1
MinimumVisualStudioVersion = 10.0.40219.1
Project("{2150E333-8FDC-42A3-9474-1A3956D46DE8}") = "BuildAndDeploy", "BuildAndDeploy", "{ED0EDA2B-3090-47A4-AF00-11B01971CEFD}"
	ProjectSection(SolutionItems) = preProject
		Build.fsx = Build.fsx
		RunBuild.bat = RunBuild.bat
	EndProjectSection
EndProject
Project("{FAE04EC0-301F-11D3-BF4B-00C04F79EFBC}") = "SFA.DAS.Notifications.Api.Client", "SFA.DAS.Notifications.Api.Client\SFA.DAS.Notifications.Api.Client.csproj", "{BB8D986E-3551-467B-B07A-1A3B0DB16DDA}"
EndProject
Project("{FAE04EC0-301F-11D3-BF4B-00C04F79EFBC}") = "SFA.DAS.Notifications.Api.Types", "SFA.DAS.Notifications.Api.Types\SFA.DAS.Notifications.Api.Types.csproj", "{5E500F50-5F57-482C-A5D0-4F12DD1C3A46}"
EndProject
Global
	GlobalSection(SolutionConfigurationPlatforms) = preSolution
		Debug|Any CPU = Debug|Any CPU
		Release|Any CPU = Release|Any CPU
	EndGlobalSection
	GlobalSection(ProjectConfigurationPlatforms) = postSolution
		{BB8D986E-3551-467B-B07A-1A3B0DB16DDA}.Debug|Any CPU.ActiveCfg = Debug|Any CPU
		{BB8D986E-3551-467B-B07A-1A3B0DB16DDA}.Debug|Any CPU.Build.0 = Debug|Any CPU
		{BB8D986E-3551-467B-B07A-1A3B0DB16DDA}.Release|Any CPU.ActiveCfg = Release|Any CPU
		{BB8D986E-3551-467B-B07A-1A3B0DB16DDA}.Release|Any CPU.Build.0 = Release|Any CPU
		{5E500F50-5F57-482C-A5D0-4F12DD1C3A46}.Debug|Any CPU.ActiveCfg = Debug|Any CPU
		{5E500F50-5F57-482C-A5D0-4F12DD1C3A46}.Debug|Any CPU.Build.0 = Debug|Any CPU
		{5E500F50-5F57-482C-A5D0-4F12DD1C3A46}.Release|Any CPU.ActiveCfg = Release|Any CPU
		{5E500F50-5F57-482C-A5D0-4F12DD1C3A46}.Release|Any CPU.Build.0 = Release|Any CPU
	EndGlobalSection
	GlobalSection(SolutionProperties) = preSolution
		HideSolutionNode = FALSE
	EndGlobalSection
EndGlobal
