
Microsoft Visual Studio Solution File, Format Version 12.00
# Visual Studio 15
VisualStudioVersion = 15.0.27428.2015
MinimumVisualStudioVersion = 10.0.40219.1
Project("{9A19103F-16F7-4668-BE54-9A1E7A4F7556}") = "SFA.DAS.NServiceBus", "SFA.DAS.NServiceBus\SFA.DAS.NServiceBus.csproj", "{4D20A028-CBA8-4843-8977-7D8E9F869AC3}"
EndProject
Project("{2150E333-8FDC-42A3-9474-1A3956D46DE8}") = "Tests", "Tests", "{D77AF6FB-0272-4EB7-98D7-8B34A50F22EF}"
EndProject
Project("{9A19103F-16F7-4668-BE54-9A1E7A4F7556}") = "SFA.DAS.NServiceBus.UnitTests", "SFA.DAS.NServiceBus.UnitTests\SFA.DAS.NServiceBus.UnitTests.csproj", "{CEE65D06-C21C-4EA3-8C57-F50021E0F2B9}"
EndProject
Project("{9A19103F-16F7-4668-BE54-9A1E7A4F7556}") = "SFA.DAS.UnitOfWork", "SFA.DAS.UnitOfWork\SFA.DAS.UnitOfWork.csproj", "{D05E9FCD-1C0E-4CF9-9D55-0814E73FD155}"
EndProject
Project("{9A19103F-16F7-4668-BE54-9A1E7A4F7556}") = "SFA.DAS.UnitOfWork.Mvc", "SFA.DAS.UnitOfWork.Mvc\SFA.DAS.UnitOfWork.Mvc.csproj", "{A856849D-2C46-4D5C-AD56-D765C8183F66}"
EndProject
Project("{9A19103F-16F7-4668-BE54-9A1E7A4F7556}") = "SFA.DAS.UnitOfWork.WebApi", "SFA.DAS.UnitOfWork.WebApi\SFA.DAS.UnitOfWork.WebApi.csproj", "{FB0F6BDE-7C41-4B8A-8D95-7D105632E075}"
EndProject
Project("{9A19103F-16F7-4668-BE54-9A1E7A4F7556}") = "SFA.DAS.UnitOfWork.EntityFramework", "SFA.DAS.UnitOfWork.EntityFramework\SFA.DAS.UnitOfWork.EntityFramework.csproj", "{2C8ECBCE-C749-4103-A300-E36DF416E5AD}"
EndProject
Project("{9A19103F-16F7-4668-BE54-9A1E7A4F7556}") = "SFA.DAS.UnitOfWork.NServiceBus", "SFA.DAS.UnitOfWork.NServiceBus\SFA.DAS.UnitOfWork.NServiceBus.csproj", "{016E3C1B-22B4-475C-8692-1A022FA92C00}"
EndProject
Project("{9A19103F-16F7-4668-BE54-9A1E7A4F7556}") = "SFA.DAS.UnitOfWork.UnitTests", "SFA.DAS.UnitOfWork.UnitTests\SFA.DAS.UnitOfWork.UnitTests.csproj", "{E9247AFE-70FB-44A2-9B25-A296D12DEC75}"
EndProject
Project("{9A19103F-16F7-4668-BE54-9A1E7A4F7556}") = "SFA.DAS.UnitOfWork.Mvc.UnitTests", "SFA.DAS.UnitOfWork.Mvc.UnitTests\SFA.DAS.UnitOfWork.Mvc.UnitTests.csproj", "{BA7958AD-E80C-455E-BEED-F26B723C96AB}"
EndProject
Project("{9A19103F-16F7-4668-BE54-9A1E7A4F7556}") = "SFA.DAS.UnitOfWork.WebApi.UnitTests", "SFA.DAS.UnitOfWork.WebApi.UnitTests\SFA.DAS.UnitOfWork.WebApi.UnitTests.csproj", "{B81F767B-3210-46B3-BA6B-61ACB759F62D}"
EndProject
Project("{FAE04EC0-301F-11D3-BF4B-00C04F79EFBC}") = "SFA.DAS.UnitOfWork.NServiceBus.UnitTests", "SFA.DAS.UnitOfWork.NServiceBus.UnitTests\SFA.DAS.UnitOfWork.NServiceBus.UnitTests.csproj", "{9BBF465B-A0BF-4C80-90B8-D558A8FE555A}"
EndProject
Project("{FAE04EC0-301F-11D3-BF4B-00C04F79EFBC}") = "SFA.DAS.UnitOfWork.EntityFramework.UnitTests", "SFA.DAS.UnitOfWork.EntityFramework.UnitTests\SFA.DAS.UnitOfWork.EntityFramework.UnitTests.csproj", "{D360E032-96A2-4959-94F3-916763B6E32F}"
EndProject
Project("{FAE04EC0-301F-11D3-BF4B-00C04F79EFBC}") = "SFA.DAS.NServiceBus.SqlServer", "SFA.DAS.NServiceBus.SqlServer\SFA.DAS.NServiceBus.SqlServer.csproj", "{D1219FEB-AE22-48B1-A4EB-DA71D57F8173}"
EndProject
Project("{FAE04EC0-301F-11D3-BF4B-00C04F79EFBC}") = "SFA.DAS.NServiceBus.SqlServer.UnitTests", "SFA.DAS.NServiceBus.SqlServer.UnitTests\SFA.DAS.NServiceBus.SqlServer.UnitTests.csproj", "{5B9E94DA-3386-47EE-9B55-BFCCC75BE2FF}"
EndProject
Project("{9A19103F-16F7-4668-BE54-9A1E7A4F7556}") = "SFA.DAS.NServiceBus.Testing", "SFA.DAS.NServiceBus.Testing\SFA.DAS.NServiceBus.Testing.csproj", "{95C2A894-1700-42FB-9963-1E6026E0BBC8}"
EndProject
Global
	GlobalSection(SolutionConfigurationPlatforms) = preSolution
		Debug|Any CPU = Debug|Any CPU
		Release|Any CPU = Release|Any CPU
	EndGlobalSection
	GlobalSection(ProjectConfigurationPlatforms) = postSolution
		{4D20A028-CBA8-4843-8977-7D8E9F869AC3}.Debug|Any CPU.ActiveCfg = Debug|Any CPU
		{4D20A028-CBA8-4843-8977-7D8E9F869AC3}.Debug|Any CPU.Build.0 = Debug|Any CPU
		{4D20A028-CBA8-4843-8977-7D8E9F869AC3}.Release|Any CPU.ActiveCfg = Release|Any CPU
		{4D20A028-CBA8-4843-8977-7D8E9F869AC3}.Release|Any CPU.Build.0 = Release|Any CPU
		{CEE65D06-C21C-4EA3-8C57-F50021E0F2B9}.Debug|Any CPU.ActiveCfg = Debug|Any CPU
		{CEE65D06-C21C-4EA3-8C57-F50021E0F2B9}.Debug|Any CPU.Build.0 = Debug|Any CPU
		{CEE65D06-C21C-4EA3-8C57-F50021E0F2B9}.Release|Any CPU.ActiveCfg = Release|Any CPU
		{CEE65D06-C21C-4EA3-8C57-F50021E0F2B9}.Release|Any CPU.Build.0 = Release|Any CPU
		{D05E9FCD-1C0E-4CF9-9D55-0814E73FD155}.Debug|Any CPU.ActiveCfg = Debug|Any CPU
		{D05E9FCD-1C0E-4CF9-9D55-0814E73FD155}.Debug|Any CPU.Build.0 = Debug|Any CPU
		{D05E9FCD-1C0E-4CF9-9D55-0814E73FD155}.Release|Any CPU.ActiveCfg = Release|Any CPU
		{D05E9FCD-1C0E-4CF9-9D55-0814E73FD155}.Release|Any CPU.Build.0 = Release|Any CPU
		{A856849D-2C46-4D5C-AD56-D765C8183F66}.Debug|Any CPU.ActiveCfg = Debug|Any CPU
		{A856849D-2C46-4D5C-AD56-D765C8183F66}.Debug|Any CPU.Build.0 = Debug|Any CPU
		{A856849D-2C46-4D5C-AD56-D765C8183F66}.Release|Any CPU.ActiveCfg = Release|Any CPU
		{A856849D-2C46-4D5C-AD56-D765C8183F66}.Release|Any CPU.Build.0 = Release|Any CPU
		{FB0F6BDE-7C41-4B8A-8D95-7D105632E075}.Debug|Any CPU.ActiveCfg = Debug|Any CPU
		{FB0F6BDE-7C41-4B8A-8D95-7D105632E075}.Debug|Any CPU.Build.0 = Debug|Any CPU
		{FB0F6BDE-7C41-4B8A-8D95-7D105632E075}.Release|Any CPU.ActiveCfg = Release|Any CPU
		{FB0F6BDE-7C41-4B8A-8D95-7D105632E075}.Release|Any CPU.Build.0 = Release|Any CPU
		{2C8ECBCE-C749-4103-A300-E36DF416E5AD}.Debug|Any CPU.ActiveCfg = Debug|Any CPU
		{2C8ECBCE-C749-4103-A300-E36DF416E5AD}.Debug|Any CPU.Build.0 = Debug|Any CPU
		{2C8ECBCE-C749-4103-A300-E36DF416E5AD}.Release|Any CPU.ActiveCfg = Release|Any CPU
		{2C8ECBCE-C749-4103-A300-E36DF416E5AD}.Release|Any CPU.Build.0 = Release|Any CPU
		{016E3C1B-22B4-475C-8692-1A022FA92C00}.Debug|Any CPU.ActiveCfg = Debug|Any CPU
		{016E3C1B-22B4-475C-8692-1A022FA92C00}.Debug|Any CPU.Build.0 = Debug|Any CPU
		{016E3C1B-22B4-475C-8692-1A022FA92C00}.Release|Any CPU.ActiveCfg = Release|Any CPU
		{016E3C1B-22B4-475C-8692-1A022FA92C00}.Release|Any CPU.Build.0 = Release|Any CPU
		{E9247AFE-70FB-44A2-9B25-A296D12DEC75}.Debug|Any CPU.ActiveCfg = Debug|Any CPU
		{E9247AFE-70FB-44A2-9B25-A296D12DEC75}.Debug|Any CPU.Build.0 = Debug|Any CPU
		{E9247AFE-70FB-44A2-9B25-A296D12DEC75}.Release|Any CPU.ActiveCfg = Release|Any CPU
		{E9247AFE-70FB-44A2-9B25-A296D12DEC75}.Release|Any CPU.Build.0 = Release|Any CPU
		{BA7958AD-E80C-455E-BEED-F26B723C96AB}.Debug|Any CPU.ActiveCfg = Debug|Any CPU
		{BA7958AD-E80C-455E-BEED-F26B723C96AB}.Debug|Any CPU.Build.0 = Debug|Any CPU
		{BA7958AD-E80C-455E-BEED-F26B723C96AB}.Release|Any CPU.ActiveCfg = Release|Any CPU
		{BA7958AD-E80C-455E-BEED-F26B723C96AB}.Release|Any CPU.Build.0 = Release|Any CPU
		{B81F767B-3210-46B3-BA6B-61ACB759F62D}.Debug|Any CPU.ActiveCfg = Debug|Any CPU
		{B81F767B-3210-46B3-BA6B-61ACB759F62D}.Debug|Any CPU.Build.0 = Debug|Any CPU
		{B81F767B-3210-46B3-BA6B-61ACB759F62D}.Release|Any CPU.ActiveCfg = Release|Any CPU
		{B81F767B-3210-46B3-BA6B-61ACB759F62D}.Release|Any CPU.Build.0 = Release|Any CPU
		{9BBF465B-A0BF-4C80-90B8-D558A8FE555A}.Debug|Any CPU.ActiveCfg = Debug|Any CPU
		{9BBF465B-A0BF-4C80-90B8-D558A8FE555A}.Debug|Any CPU.Build.0 = Debug|Any CPU
		{9BBF465B-A0BF-4C80-90B8-D558A8FE555A}.Release|Any CPU.ActiveCfg = Release|Any CPU
		{9BBF465B-A0BF-4C80-90B8-D558A8FE555A}.Release|Any CPU.Build.0 = Release|Any CPU
		{D360E032-96A2-4959-94F3-916763B6E32F}.Debug|Any CPU.ActiveCfg = Debug|Any CPU
		{D360E032-96A2-4959-94F3-916763B6E32F}.Debug|Any CPU.Build.0 = Debug|Any CPU
		{D360E032-96A2-4959-94F3-916763B6E32F}.Release|Any CPU.ActiveCfg = Release|Any CPU
		{D360E032-96A2-4959-94F3-916763B6E32F}.Release|Any CPU.Build.0 = Release|Any CPU
		{D1219FEB-AE22-48B1-A4EB-DA71D57F8173}.Debug|Any CPU.ActiveCfg = Debug|Any CPU
		{D1219FEB-AE22-48B1-A4EB-DA71D57F8173}.Debug|Any CPU.Build.0 = Debug|Any CPU
		{D1219FEB-AE22-48B1-A4EB-DA71D57F8173}.Release|Any CPU.ActiveCfg = Release|Any CPU
		{D1219FEB-AE22-48B1-A4EB-DA71D57F8173}.Release|Any CPU.Build.0 = Release|Any CPU
		{5B9E94DA-3386-47EE-9B55-BFCCC75BE2FF}.Debug|Any CPU.ActiveCfg = Debug|Any CPU
		{5B9E94DA-3386-47EE-9B55-BFCCC75BE2FF}.Debug|Any CPU.Build.0 = Debug|Any CPU
		{5B9E94DA-3386-47EE-9B55-BFCCC75BE2FF}.Release|Any CPU.ActiveCfg = Release|Any CPU
		{5B9E94DA-3386-47EE-9B55-BFCCC75BE2FF}.Release|Any CPU.Build.0 = Release|Any CPU
		{95C2A894-1700-42FB-9963-1E6026E0BBC8}.Debug|Any CPU.ActiveCfg = Debug|Any CPU
		{95C2A894-1700-42FB-9963-1E6026E0BBC8}.Debug|Any CPU.Build.0 = Debug|Any CPU
		{95C2A894-1700-42FB-9963-1E6026E0BBC8}.Release|Any CPU.ActiveCfg = Release|Any CPU
		{95C2A894-1700-42FB-9963-1E6026E0BBC8}.Release|Any CPU.Build.0 = Release|Any CPU
	EndGlobalSection
	GlobalSection(SolutionProperties) = preSolution
		HideSolutionNode = FALSE
	EndGlobalSection
	GlobalSection(NestedProjects) = preSolution
		{CEE65D06-C21C-4EA3-8C57-F50021E0F2B9} = {D77AF6FB-0272-4EB7-98D7-8B34A50F22EF}
		{E9247AFE-70FB-44A2-9B25-A296D12DEC75} = {D77AF6FB-0272-4EB7-98D7-8B34A50F22EF}
		{BA7958AD-E80C-455E-BEED-F26B723C96AB} = {D77AF6FB-0272-4EB7-98D7-8B34A50F22EF}
		{B81F767B-3210-46B3-BA6B-61ACB759F62D} = {D77AF6FB-0272-4EB7-98D7-8B34A50F22EF}
		{9BBF465B-A0BF-4C80-90B8-D558A8FE555A} = {D77AF6FB-0272-4EB7-98D7-8B34A50F22EF}
		{D360E032-96A2-4959-94F3-916763B6E32F} = {D77AF6FB-0272-4EB7-98D7-8B34A50F22EF}
		{5B9E94DA-3386-47EE-9B55-BFCCC75BE2FF} = {D77AF6FB-0272-4EB7-98D7-8B34A50F22EF}
	EndGlobalSection
	GlobalSection(ExtensibilityGlobals) = postSolution
		SolutionGuid = {95E55177-80E2-48DE-968C-76E224510FD3}
	EndGlobalSection
EndGlobal
