
Microsoft Visual Studio Solution File, Format Version 12.00
# Visual Studio Version 17
VisualStudioVersion = 17.0.31919.166
MinimumVisualStudioVersion = 10.0.40219.1
Project("{9A19103F-16F7-4668-BE54-9A1E7A4F7556}") = "SFA.DAS.NServiceBus", "SFA.DAS.NServiceBus\SFA.DAS.NServiceBus.csproj", "{4D20A028-CBA8-4843-8977-7D8E9F869AC3}"
EndProject
Project("{2150E333-8FDC-42A3-9474-1A3956D46DE8}") = "Tests", "Tests", "{D77AF6FB-0272-4EB7-98D7-8B34A50F22EF}"
EndProject
Project("{9A19103F-16F7-4668-BE54-9A1E7A4F7556}") = "SFA.DAS.NServiceBus.UnitTests", "SFA.DAS.NServiceBus.UnitTests\SFA.DAS.NServiceBus.UnitTests.csproj", "{CEE65D06-C21C-4EA3-8C57-F50021E0F2B9}"
EndProject
Project("{9A19103F-16F7-4668-BE54-9A1E7A4F7556}") = "SFA.DAS.NServiceBus.SqlServer", "SFA.DAS.NServiceBus.SqlServer\SFA.DAS.NServiceBus.SqlServer.csproj", "{D1219FEB-AE22-48B1-A4EB-DA71D57F8173}"
EndProject
Project("{9A19103F-16F7-4668-BE54-9A1E7A4F7556}") = "SFA.DAS.NServiceBus.SqlServer.UnitTests", "SFA.DAS.NServiceBus.SqlServer.UnitTests\SFA.DAS.NServiceBus.SqlServer.UnitTests.csproj", "{5B9E94DA-3386-47EE-9B55-BFCCC75BE2FF}"
EndProject
Project("{9A19103F-16F7-4668-BE54-9A1E7A4F7556}") = "SFA.DAS.NServiceBus.Testing", "SFA.DAS.NServiceBus.Testing\SFA.DAS.NServiceBus.Testing.csproj", "{95C2A894-1700-42FB-9963-1E6026E0BBC8}"
EndProject
Project("{2150E333-8FDC-42A3-9474-1A3956D46DE8}") = "Solution Items", "Solution Items", "{D309862B-930D-4E0A-8058-90C7CEE3E9AE}"
	ProjectSection(SolutionItems) = preProject
		.editorconfig = .editorconfig
		README.md = README.md
	EndProjectSection
EndProject
Project("{2150E333-8FDC-42A3-9474-1A3956D46DE8}") = "Samples", "Samples", "{016262EC-7613-46BB-BF74-23D9AA990007}"
EndProject
Project("{9A19103F-16F7-4668-BE54-9A1E7A4F7556}") = "SFA.DAS.NServiceBus.AzureFunction", "SFA.DAS.NServiceBus.AzureFunction\SFA.DAS.NServiceBus.AzureFunction.csproj", "{F586A30A-7407-47F5-B200-B3D17F4064EA}"
EndProject
Project("{9A19103F-16F7-4668-BE54-9A1E7A4F7556}") = "SFA.DAS.NServiceBus.AzureFunction.UnitTests", "SFA.DAS.NServiceBus.AzureFunction.UnitTests\SFA.DAS.NServiceBus.AzureFunction.UnitTests.csproj", "{CDCB819B-1458-4136-94E7-E21A1DD2D7BE}"
EndProject
Project("{9A19103F-16F7-4668-BE54-9A1E7A4F7556}") = "SFA.DAS.NServiceBus.TestMessages", "SFA.DAS.NServiceBus.TestMessages\SFA.DAS.NServiceBus.TestMessages.csproj", "{9E1CA861-0B8F-4239-A47D-AD203DED666B}"
EndProject
Project("{9A19103F-16F7-4668-BE54-9A1E7A4F7556}") = "SFA.DAS.NServiceBus.TestEndpoint", "SFA.DAS.NServiceBus.TestEndpoint\SFA.DAS.NServiceBus.TestEndpoint.csproj", "{7A0734EF-781E-4046-8C95-AB8D0F13BD57}"
EndProject
Project("{9A19103F-16F7-4668-BE54-9A1E7A4F7556}") = "SFA.DAS.NServiceBus.AzureFunctionExample", "SFA.DAS.NServiceBus.AzureFunctionExample\SFA.DAS.NServiceBus.AzureFunctionExample.csproj", "{D8C814A9-ACFC-49BE-A6DD-70EC92F394C8}"
EndProject
Project("{9A19103F-16F7-4668-BE54-9A1E7A4F7556}") = "SFA.DAS.NServiceBus.Extensions", "SFA.DAS.NServiceBus.Extensions\SFA.DAS.NServiceBus.Extensions.csproj", "{1D412E67-B7BC-411F-A68A-D768279A256A}"
EndProject
Project("{9A19103F-16F7-4668-BE54-9A1E7A4F7556}") = "SFA.DAS.NServiceBus.AzureFunction.Extensions", "SFA.DAS.NServiceBus.AzureFunction.Extensions\SFA.DAS.NServiceBus.AzureFunction.Extensions.csproj", "{F5BD7D3D-3680-4452-9232-9FEEDB84C5C2}"
EndProject
Project("{9A19103F-16F7-4668-BE54-9A1E7A4F7556}") = "SFA.DAS.NServiceBus.AzureFunction.Extensions.UnitTests", "SFA.DAS.NServiceBus.AzureFunction.Extensions.UnitTests\SFA.DAS.NServiceBus.AzureFunction.Extensions.UnitTests.csproj", "{386E2C47-3917-4C0F-8F43-035FBC08F11B}"
EndProject
Project("{9A19103F-16F7-4668-BE54-9A1E7A4F7556}") = "SFA.DAS.NServiceBus.Extensions.UnitTests", "SFA.DAS.NServiceBus.Extensions.UnitTests\SFA.DAS.NServiceBus.Extensions.UnitTests.csproj", "{BBA806FF-D142-4F48-AC5F-5ADE63A89556}"
EndProject
Global
	GlobalSection(SolutionConfigurationPlatforms) = preSolution
		Debug|Any CPU = Debug|Any CPU
		Release|Any CPU = Release|Any CPU
	EndGlobalSection
	GlobalSection(ProjectConfigurationPlatforms) = postSolution
		{4D20A028-CBA8-4843-8977-7D8E9F869AC3}.Debug|Any CPU.ActiveCfg = Debug|Any CPU
		{4D20A028-CBA8-4843-8977-7D8E9F869AC3}.Debug|Any CPU.Build.0 = Debug|Any CPU
		{4D20A028-CBA8-4843-8977-7D8E9F869AC3}.Release|Any CPU.ActiveCfg = Release|Any CPU
		{4D20A028-CBA8-4843-8977-7D8E9F869AC3}.Release|Any CPU.Build.0 = Release|Any CPU
		{CEE65D06-C21C-4EA3-8C57-F50021E0F2B9}.Debug|Any CPU.ActiveCfg = Debug|Any CPU
		{CEE65D06-C21C-4EA3-8C57-F50021E0F2B9}.Debug|Any CPU.Build.0 = Debug|Any CPU
		{CEE65D06-C21C-4EA3-8C57-F50021E0F2B9}.Release|Any CPU.ActiveCfg = Release|Any CPU
		{CEE65D06-C21C-4EA3-8C57-F50021E0F2B9}.Release|Any CPU.Build.0 = Release|Any CPU
		{D1219FEB-AE22-48B1-A4EB-DA71D57F8173}.Debug|Any CPU.ActiveCfg = Debug|Any CPU
		{D1219FEB-AE22-48B1-A4EB-DA71D57F8173}.Debug|Any CPU.Build.0 = Debug|Any CPU
		{D1219FEB-AE22-48B1-A4EB-DA71D57F8173}.Release|Any CPU.ActiveCfg = Release|Any CPU
		{D1219FEB-AE22-48B1-A4EB-DA71D57F8173}.Release|Any CPU.Build.0 = Release|Any CPU
		{5B9E94DA-3386-47EE-9B55-BFCCC75BE2FF}.Debug|Any CPU.ActiveCfg = Debug|Any CPU
		{5B9E94DA-3386-47EE-9B55-BFCCC75BE2FF}.Debug|Any CPU.Build.0 = Debug|Any CPU
		{5B9E94DA-3386-47EE-9B55-BFCCC75BE2FF}.Release|Any CPU.ActiveCfg = Release|Any CPU
		{5B9E94DA-3386-47EE-9B55-BFCCC75BE2FF}.Release|Any CPU.Build.0 = Release|Any CPU
		{95C2A894-1700-42FB-9963-1E6026E0BBC8}.Debug|Any CPU.ActiveCfg = Debug|Any CPU
		{95C2A894-1700-42FB-9963-1E6026E0BBC8}.Debug|Any CPU.Build.0 = Debug|Any CPU
		{95C2A894-1700-42FB-9963-1E6026E0BBC8}.Release|Any CPU.ActiveCfg = Release|Any CPU
		{95C2A894-1700-42FB-9963-1E6026E0BBC8}.Release|Any CPU.Build.0 = Release|Any CPU
		{F586A30A-7407-47F5-B200-B3D17F4064EA}.Debug|Any CPU.ActiveCfg = Debug|Any CPU
		{F586A30A-7407-47F5-B200-B3D17F4064EA}.Debug|Any CPU.Build.0 = Debug|Any CPU
		{F586A30A-7407-47F5-B200-B3D17F4064EA}.Release|Any CPU.ActiveCfg = Release|Any CPU
		{F586A30A-7407-47F5-B200-B3D17F4064EA}.Release|Any CPU.Build.0 = Release|Any CPU
		{CDCB819B-1458-4136-94E7-E21A1DD2D7BE}.Debug|Any CPU.ActiveCfg = Debug|Any CPU
		{CDCB819B-1458-4136-94E7-E21A1DD2D7BE}.Debug|Any CPU.Build.0 = Debug|Any CPU
		{CDCB819B-1458-4136-94E7-E21A1DD2D7BE}.Release|Any CPU.ActiveCfg = Release|Any CPU
		{CDCB819B-1458-4136-94E7-E21A1DD2D7BE}.Release|Any CPU.Build.0 = Release|Any CPU
		{9E1CA861-0B8F-4239-A47D-AD203DED666B}.Debug|Any CPU.ActiveCfg = Debug|Any CPU
		{9E1CA861-0B8F-4239-A47D-AD203DED666B}.Debug|Any CPU.Build.0 = Debug|Any CPU
		{9E1CA861-0B8F-4239-A47D-AD203DED666B}.Release|Any CPU.ActiveCfg = Release|Any CPU
		{9E1CA861-0B8F-4239-A47D-AD203DED666B}.Release|Any CPU.Build.0 = Release|Any CPU
		{7A0734EF-781E-4046-8C95-AB8D0F13BD57}.Debug|Any CPU.ActiveCfg = Debug|Any CPU
		{7A0734EF-781E-4046-8C95-AB8D0F13BD57}.Debug|Any CPU.Build.0 = Debug|Any CPU
		{7A0734EF-781E-4046-8C95-AB8D0F13BD57}.Release|Any CPU.ActiveCfg = Release|Any CPU
		{7A0734EF-781E-4046-8C95-AB8D0F13BD57}.Release|Any CPU.Build.0 = Release|Any CPU
		{D8C814A9-ACFC-49BE-A6DD-70EC92F394C8}.Debug|Any CPU.ActiveCfg = Debug|Any CPU
		{D8C814A9-ACFC-49BE-A6DD-70EC92F394C8}.Debug|Any CPU.Build.0 = Debug|Any CPU
		{D8C814A9-ACFC-49BE-A6DD-70EC92F394C8}.Release|Any CPU.ActiveCfg = Release|Any CPU
		{D8C814A9-ACFC-49BE-A6DD-70EC92F394C8}.Release|Any CPU.Build.0 = Release|Any CPU
		{1D412E67-B7BC-411F-A68A-D768279A256A}.Debug|Any CPU.ActiveCfg = Debug|Any CPU
		{1D412E67-B7BC-411F-A68A-D768279A256A}.Debug|Any CPU.Build.0 = Debug|Any CPU
		{1D412E67-B7BC-411F-A68A-D768279A256A}.Release|Any CPU.ActiveCfg = Release|Any CPU
		{1D412E67-B7BC-411F-A68A-D768279A256A}.Release|Any CPU.Build.0 = Release|Any CPU
		{F5BD7D3D-3680-4452-9232-9FEEDB84C5C2}.Debug|Any CPU.ActiveCfg = Debug|Any CPU
		{F5BD7D3D-3680-4452-9232-9FEEDB84C5C2}.Debug|Any CPU.Build.0 = Debug|Any CPU
		{F5BD7D3D-3680-4452-9232-9FEEDB84C5C2}.Release|Any CPU.ActiveCfg = Release|Any CPU
		{F5BD7D3D-3680-4452-9232-9FEEDB84C5C2}.Release|Any CPU.Build.0 = Release|Any CPU
		{386E2C47-3917-4C0F-8F43-035FBC08F11B}.Debug|Any CPU.ActiveCfg = Debug|Any CPU
		{386E2C47-3917-4C0F-8F43-035FBC08F11B}.Debug|Any CPU.Build.0 = Debug|Any CPU
		{386E2C47-3917-4C0F-8F43-035FBC08F11B}.Release|Any CPU.ActiveCfg = Release|Any CPU
		{386E2C47-3917-4C0F-8F43-035FBC08F11B}.Release|Any CPU.Build.0 = Release|Any CPU
		{BBA806FF-D142-4F48-AC5F-5ADE63A89556}.Debug|Any CPU.ActiveCfg = Debug|Any CPU
		{BBA806FF-D142-4F48-AC5F-5ADE63A89556}.Debug|Any CPU.Build.0 = Debug|Any CPU
		{BBA806FF-D142-4F48-AC5F-5ADE63A89556}.Release|Any CPU.ActiveCfg = Release|Any CPU
		{BBA806FF-D142-4F48-AC5F-5ADE63A89556}.Release|Any CPU.Build.0 = Release|Any CPU
	EndGlobalSection
	GlobalSection(SolutionProperties) = preSolution
		HideSolutionNode = FALSE
	EndGlobalSection
	GlobalSection(NestedProjects) = preSolution
		{CEE65D06-C21C-4EA3-8C57-F50021E0F2B9} = {D77AF6FB-0272-4EB7-98D7-8B34A50F22EF}
		{5B9E94DA-3386-47EE-9B55-BFCCC75BE2FF} = {D77AF6FB-0272-4EB7-98D7-8B34A50F22EF}
		{CDCB819B-1458-4136-94E7-E21A1DD2D7BE} = {D77AF6FB-0272-4EB7-98D7-8B34A50F22EF}
		{9E1CA861-0B8F-4239-A47D-AD203DED666B} = {016262EC-7613-46BB-BF74-23D9AA990007}
		{7A0734EF-781E-4046-8C95-AB8D0F13BD57} = {016262EC-7613-46BB-BF74-23D9AA990007}
		{D8C814A9-ACFC-49BE-A6DD-70EC92F394C8} = {016262EC-7613-46BB-BF74-23D9AA990007}
		{386E2C47-3917-4C0F-8F43-035FBC08F11B} = {D77AF6FB-0272-4EB7-98D7-8B34A50F22EF}
		{BBA806FF-D142-4F48-AC5F-5ADE63A89556} = {D77AF6FB-0272-4EB7-98D7-8B34A50F22EF}
	EndGlobalSection
	GlobalSection(ExtensibilityGlobals) = postSolution
		SolutionGuid = {95E55177-80E2-48DE-968C-76E224510FD3}
	EndGlobalSection
EndGlobal
