
Microsoft Visual Studio Solution File, Format Version 12.00
# Visual Studio Version 16
VisualStudioVersion = 16.0.28803.202
MinimumVisualStudioVersion = 10.0.40219.1
Project("{9A19103F-16F7-4668-BE54-9A1E7A4F7556}") = "SFA.DAS.Encoding", "SFA.DAS.Encoding\SFA.DAS.Encoding.csproj", "{C926D782-89A0-4BF8-A966-81310E70F717}"
EndProject
Project("{FAE04EC0-301F-11D3-BF4B-00C04F79EFBC}") = "SFA.DAS.Encoding.UnitTests", "SFA.DAS.Encoding.UnitTests\SFA.DAS.Encoding.UnitTests.csproj", "{1D36387F-B17E-4E1D-87B9-A5A2F421CE3C}"
EndProject
Global
	GlobalSection(SolutionConfigurationPlatforms) = preSolution
		Debug|Any CPU = Debug|Any CPU
		Release|Any CPU = Release|Any CPU
	EndGlobalSection
	GlobalSection(ProjectConfigurationPlatforms) = postSolution
		{C926D782-89A0-4BF8-A966-81310E70F717}.Debug|Any CPU.ActiveCfg = Debug|Any CPU
		{C926D782-89A0-4BF8-A966-81310E70F717}.Debug|Any CPU.Build.0 = Debug|Any CPU
		{C926D782-89A0-4BF8-A966-81310E70F717}.Release|Any CPU.ActiveCfg = Release|Any CPU
		{C926D782-89A0-4BF8-A966-81310E70F717}.Release|Any CPU.Build.0 = Release|Any CPU
		{1D36387F-B17E-4E1D-87B9-A5A2F421CE3C}.Debug|Any CPU.ActiveCfg = Debug|Any CPU
		{1D36387F-B17E-4E1D-87B9-A5A2F421CE3C}.Debug|Any CPU.Build.0 = Debug|Any CPU
		{1D36387F-B17E-4E1D-87B9-A5A2F421CE3C}.Release|Any CPU.ActiveCfg = Release|Any CPU
		{1D36387F-B17E-4E1D-87B9-A5A2F421CE3C}.Release|Any CPU.Build.0 = Release|Any CPU
	EndGlobalSection
	GlobalSection(SolutionProperties) = preSolution
		HideSolutionNode = FALSE
	EndGlobalSection
	GlobalSection(ExtensibilityGlobals) = postSolution
		SolutionGuid = {3BBBC813-F785-4B94-9F7D-F1676476852C}
	EndGlobalSection
EndGlobal
