
Microsoft Visual Studio Solution File, Format Version 12.00
# Visual Studio Version 17
VisualStudioVersion = 17.12.35707.178 d17.12
MinimumVisualStudioVersion = 10.0.40219.1
Project("{FAE04EC0-301F-11D3-BF4B-00C04F79EFBC}") = "SFA.DAS.AcademicYearService", "SFA.DAS.AcademicYearService\SFA.DAS.AcademicYearService.csproj", "{BAFA1333-AAC1-4E30-867B-726AAE8CC7D5}"
EndProject
Project("{2150E333-8FDC-42A3-9474-1A3956D46DE8}") = "Solution Items", "Solution Items", "{B7310588-5D86-4108-B077-ECE2EFF4FCEB}"
EndProject
Project("{FAE04EC0-301F-11D3-BF4B-00C04F79EFBC}") = "SFA.DAS.AcademicYearService.UnitTests", "SFA.DAS.AcademicYearService.UnitTests\SFA.DAS.AcademicYearService.UnitTests.csproj", "{9626FB79-9FB1-464A-B676-47D8A959FC8A}"
EndProject
Global
	GlobalSection(SolutionConfigurationPlatforms) = preSolution
		Debug|Any CPU = Debug|Any CPU
		Release|Any CPU = Release|Any CPU
	EndGlobalSection
	GlobalSection(ProjectConfigurationPlatforms) = postSolution
		{BAFA1333-AAC1-4E30-867B-726AAE8CC7D5}.Debug|Any CPU.ActiveCfg = Debug|Any CPU
		{BAFA1333-AAC1-4E30-867B-726AAE8CC7D5}.Debug|Any CPU.Build.0 = Debug|Any CPU
		{BAFA1333-AAC1-4E30-867B-726AAE8CC7D5}.Release|Any CPU.ActiveCfg = Release|Any CPU
		{BAFA1333-AAC1-4E30-867B-726AAE8CC7D5}.Release|Any CPU.Build.0 = Release|Any CPU
		{9626FB79-9FB1-464A-B676-47D8A959FC8A}.Debug|Any CPU.ActiveCfg = Debug|Any CPU
		{9626FB79-9FB1-464A-B676-47D8A959FC8A}.Debug|Any CPU.Build.0 = Debug|Any CPU
		{9626FB79-9FB1-464A-B676-47D8A959FC8A}.Release|Any CPU.ActiveCfg = Release|Any CPU
		{9626FB79-9FB1-464A-B676-47D8A959FC8A}.Release|Any CPU.Build.0 = Release|Any CPU
	EndGlobalSection
	GlobalSection(SolutionProperties) = preSolution
		HideSolutionNode = FALSE
	EndGlobalSection
	GlobalSection(ExtensibilityGlobals) = postSolution
		SolutionGuid = {422F1F62-B5DD-4E50-BE8D-0540EF196CA9}
	EndGlobalSection
EndGlobal
