
Microsoft Visual Studio Solution File, Format Version 12.00
# Visual Studio Version 16
VisualStudioVersion = 16.0.28917.181
MinimumVisualStudioVersion = 10.0.40219.1
Project("{FAE04EC0-301F-11D3-BF4B-00C04F79EFBC}") = "SFA.DAS.Authorization", "SFA.DAS.Authorization\SFA.DAS.Authorization.csproj", "{83F5EA2D-B162-40FB-BFE5-6B7A09CED687}"
EndProject
Global
	GlobalSection(SolutionConfigurationPlatforms) = preSolution
		Debug|Any CPU = Debug|Any CPU
		Release|Any CPU = Release|Any CPU
	EndGlobalSection
	GlobalSection(ProjectConfigurationPlatforms) = postSolution
		{83F5EA2D-B162-40FB-BFE5-6B7A09CED687}.Debug|Any CPU.ActiveCfg = Debug|Any CPU
		{83F5EA2D-B162-40FB-BFE5-6B7A09CED687}.Debug|Any CPU.Build.0 = Debug|Any CPU
		{83F5EA2D-B162-40FB-BFE5-6B7A09CED687}.Release|Any CPU.ActiveCfg = Release|Any CPU
		{83F5EA2D-B162-40FB-BFE5-6B7A09CED687}.Release|Any CPU.Build.0 = Release|Any CPU
	EndGlobalSection
	GlobalSection(SolutionProperties) = preSolution
		HideSolutionNode = FALSE
	EndGlobalSection
	GlobalSection(ExtensibilityGlobals) = postSolution
		SolutionGuid = {A1493309-48DE-4C3B-AB63-025C7D8509E4}
	EndGlobalSection
EndGlobal
