
Microsoft Visual Studio Solution File, Format Version 12.00
# Visual Studio Version 16
VisualStudioVersion = 16.0.28917.181
MinimumVisualStudioVersion = 10.0.40219.1
Project("{FAE04EC0-301F-11D3-BF4B-00C04F79EFBC}") = "SFA.DAS.ActiveDirectory", "SFA.DAS.ActiveDirectory\SFA.DAS.ActiveDirectory.csproj", "{CBBC6FA7-0FA1-4EEF-BF0B-B3B000C9FCE8}"
EndProject
Global
	GlobalSection(SolutionConfigurationPlatforms) = preSolution
		Debug|Any CPU = Debug|Any CPU
		Release|Any CPU = Release|Any CPU
	EndGlobalSection
	GlobalSection(ProjectConfigurationPlatforms) = postSolution
		{CBBC6FA7-0FA1-4EEF-BF0B-B3B000C9FCE8}.Debug|Any CPU.ActiveCfg = Debug|Any CPU
		{CBBC6FA7-0FA1-4EEF-BF0B-B3B000C9FCE8}.Debug|Any CPU.Build.0 = Debug|Any CPU
		{CBBC6FA7-0FA1-4EEF-BF0B-B3B000C9FCE8}.Release|Any CPU.ActiveCfg = Release|Any CPU
		{CBBC6FA7-0FA1-4EEF-BF0B-B3B000C9FCE8}.Release|Any CPU.Build.0 = Release|Any CPU
	EndGlobalSection
	GlobalSection(SolutionProperties) = preSolution
		HideSolutionNode = FALSE
	EndGlobalSection
	GlobalSection(ExtensibilityGlobals) = postSolution
		SolutionGuid = {452256EF-5981-4C9A-A3D4-3A227BE11872}
	EndGlobalSection
EndGlobal
