
Microsoft Visual Studio Solution File, Format Version 12.00
# Visual Studio 15
VisualStudioVersion = 15.0.28010.2048
MinimumVisualStudioVersion = 10.0.40219.1
Project("{9A19103F-16F7-4668-BE54-9A1E7A4F7556}") = "SFA.DAS.VacancyServices.Search", "SFA.DAS.VacancyServices.Search\SFA.DAS.VacancyServices.Search.csproj", "{715629F9-C44D-4D15-A4F7-CB02FA18429B}"
EndProject
Project("{FAE04EC0-301F-11D3-BF4B-00C04F79EFBC}") = "SFA.DAS.VacancyServices.Search.UnitTests", "SFA.DAS.VacancyServices.Search.UnitTests\SFA.DAS.VacancyServices.Search.UnitTests.csproj", "{60D01C0F-CB86-4D06-B69C-4A92659A4CE2}"
EndProject
Global
	GlobalSection(SolutionConfigurationPlatforms) = preSolution
		Debug|Any CPU = Debug|Any CPU
		Release|Any CPU = Release|Any CPU
	EndGlobalSection
	GlobalSection(ProjectConfigurationPlatforms) = postSolution
		{715629F9-C44D-4D15-A4F7-CB02FA18429B}.Debug|Any CPU.ActiveCfg = Debug|Any CPU
		{715629F9-C44D-4D15-A4F7-CB02FA18429B}.Debug|Any CPU.Build.0 = Debug|Any CPU
		{715629F9-C44D-4D15-A4F7-CB02FA18429B}.Release|Any CPU.ActiveCfg = Release|Any CPU
		{715629F9-C44D-4D15-A4F7-CB02FA18429B}.Release|Any CPU.Build.0 = Release|Any CPU
		{60D01C0F-CB86-4D06-B69C-4A92659A4CE2}.Debug|Any CPU.ActiveCfg = Debug|Any CPU
		{60D01C0F-CB86-4D06-B69C-4A92659A4CE2}.Debug|Any CPU.Build.0 = Debug|Any CPU
		{60D01C0F-CB86-4D06-B69C-4A92659A4CE2}.Release|Any CPU.ActiveCfg = Release|Any CPU
		{60D01C0F-CB86-4D06-B69C-4A92659A4CE2}.Release|Any CPU.Build.0 = Release|Any CPU
	EndGlobalSection
	GlobalSection(SolutionProperties) = preSolution
		HideSolutionNode = FALSE
	EndGlobalSection
	GlobalSection(ExtensibilityGlobals) = postSolution
		SolutionGuid = {8DE42547-B2B8-439E-9C9D-C64319FC5DEE}
	EndGlobalSection
EndGlobal
