
Microsoft Visual Studio Solution File, Format Version 12.00
# Visual Studio 15
VisualStudioVersion = 15.0.28307.572
MinimumVisualStudioVersion = 10.0.40219.1
Project("{FAE04EC0-301F-11D3-BF4B-00C04F79EFBC}") = "SFA.DAS.EntityFramework", "SFA.DAS.EntityFramework\SFA.DAS.EntityFramework.csproj", "{3EC82352-CA2A-4E58-8DC4-8A63CFCBF83A}"
EndProject
Global
	GlobalSection(SolutionConfigurationPlatforms) = preSolution
		Debug|Any CPU = Debug|Any CPU
		Release|Any CPU = Release|Any CPU
	EndGlobalSection
	GlobalSection(ProjectConfigurationPlatforms) = postSolution
		{3EC82352-CA2A-4E58-8DC4-8A63CFCBF83A}.Debug|Any CPU.ActiveCfg = Debug|Any CPU
		{3EC82352-CA2A-4E58-8DC4-8A63CFCBF83A}.Debug|Any CPU.Build.0 = Debug|Any CPU
		{3EC82352-CA2A-4E58-8DC4-8A63CFCBF83A}.Release|Any CPU.ActiveCfg = Release|Any CPU
		{3EC82352-CA2A-4E58-8DC4-8A63CFCBF83A}.Release|Any CPU.Build.0 = Release|Any CPU
	EndGlobalSection
	GlobalSection(SolutionProperties) = preSolution
		HideSolutionNode = FALSE
	EndGlobalSection
	GlobalSection(ExtensibilityGlobals) = postSolution
		SolutionGuid = {43CDB825-EBDC-40FE-9206-31964B17CB05}
	EndGlobalSection
EndGlobal
