
Microsoft Visual Studio Solution File, Format Version 12.00
# Visual Studio 14
VisualStudioVersion = 14.0.25123.0
MinimumVisualStudioVersion = 10.0.40219.1
Project("{2150E333-8FDC-42A3-9474-1A3956D46DE8}") = "BuildAndDeploy", "BuildAndDeploy", "{DC904B7D-5570-4272-9302-477269E28B83}"
	ProjectSection(SolutionItems) = preProject
		Build.fsx = Build.fsx
		RunBuild.bat = RunBuild.bat
	EndProjectSection
EndProject
Project("{2150E333-8FDC-42A3-9474-1A3956D46DE8}") = "Tests", "Tests", "{1A2392BB-4D38-412B-B91E-E9DA8C9D19BD}"
EndProject
Project("{2150E333-8FDC-42A3-9474-1A3956D46DE8}") = "Samples", "Samples", "{4BB8D629-081B-4B50-ACB5-A501325A2A40}"
EndProject
Project("{FAE04EC0-301F-11D3-BF4B-00C04F79EFBC}") = "SFA.DAS.TimeProvider", "SFA.DAS.TimeProvider\SFA.DAS.TimeProvider.csproj", "{F89F0457-92EC-41A4-9F89-05DD52E06AA9}"
EndProject
Project("{FAE04EC0-301F-11D3-BF4B-00C04F79EFBC}") = "SFA.DAS.TimeProvider.UnitTests", "SFA.DAS.TimeProvider.UnitTests\SFA.DAS.TimeProvider.UnitTests.csproj", "{70C94882-C4C7-46AD-A18E-92EBACCCE0D0}"
EndProject
Project("{FAE04EC0-301F-11D3-BF4B-00C04F79EFBC}") = "UsageSample", "UsageSample\UsageSample.csproj", "{EC9F4DCF-F14C-4ACD-B68F-3EC7B6AFDD44}"
EndProject
Global
	GlobalSection(SolutionConfigurationPlatforms) = preSolution
		Debug|Any CPU = Debug|Any CPU
		Release|Any CPU = Release|Any CPU
	EndGlobalSection
	GlobalSection(ProjectConfigurationPlatforms) = postSolution
		{F89F0457-92EC-41A4-9F89-05DD52E06AA9}.Debug|Any CPU.ActiveCfg = Debug|Any CPU
		{F89F0457-92EC-41A4-9F89-05DD52E06AA9}.Debug|Any CPU.Build.0 = Debug|Any CPU
		{F89F0457-92EC-41A4-9F89-05DD52E06AA9}.Release|Any CPU.ActiveCfg = Release|Any CPU
		{F89F0457-92EC-41A4-9F89-05DD52E06AA9}.Release|Any CPU.Build.0 = Release|Any CPU
		{70C94882-C4C7-46AD-A18E-92EBACCCE0D0}.Debug|Any CPU.ActiveCfg = Debug|Any CPU
		{70C94882-C4C7-46AD-A18E-92EBACCCE0D0}.Debug|Any CPU.Build.0 = Debug|Any CPU
		{70C94882-C4C7-46AD-A18E-92EBACCCE0D0}.Release|Any CPU.ActiveCfg = Release|Any CPU
		{70C94882-C4C7-46AD-A18E-92EBACCCE0D0}.Release|Any CPU.Build.0 = Release|Any CPU
		{EC9F4DCF-F14C-4ACD-B68F-3EC7B6AFDD44}.Debug|Any CPU.ActiveCfg = Debug|Any CPU
		{EC9F4DCF-F14C-4ACD-B68F-3EC7B6AFDD44}.Debug|Any CPU.Build.0 = Debug|Any CPU
		{EC9F4DCF-F14C-4ACD-B68F-3EC7B6AFDD44}.Release|Any CPU.ActiveCfg = Release|Any CPU
		{EC9F4DCF-F14C-4ACD-B68F-3EC7B6AFDD44}.Release|Any CPU.Build.0 = Release|Any CPU
	EndGlobalSection
	GlobalSection(SolutionProperties) = preSolution
		HideSolutionNode = FALSE
	EndGlobalSection
	GlobalSection(NestedProjects) = preSolution
		{70C94882-C4C7-46AD-A18E-92EBACCCE0D0} = {1A2392BB-4D38-412B-B91E-E9DA8C9D19BD}
		{EC9F4DCF-F14C-4ACD-B68F-3EC7B6AFDD44} = {4BB8D629-081B-4B50-ACB5-A501325A2A40}
	EndGlobalSection
EndGlobal
