
Microsoft Visual Studio Solution File, Format Version 12.00
# Visual Studio 15
VisualStudioVersion = 15.0.26730.16
MinimumVisualStudioVersion = 10.0.40219.1
Project("{FAE04EC0-301F-11D3-BF4B-00C04F79EFBC}") = "SFA.DAS.HashingService", "SFA.DAS.HashingService\SFA.DAS.HashingService.csproj", "{7AC04D74-BA8F-404D-A49C-FEEB87F0FDE2}"
EndProject
Project("{FAE04EC0-301F-11D3-BF4B-00C04F79EFBC}") = "SFA.DAS.HashingService.UnitTests", "SFA.DAS.HashingService.UnitTest\SFA.DAS.HashingService.UnitTests.csproj", "{04C818FB-65CF-429A-8354-5254C70AE36D}"
EndProject
Global
	GlobalSection(SolutionConfigurationPlatforms) = preSolution
		Debug|Any CPU = Debug|Any CPU
		Release|Any CPU = Release|Any CPU
	EndGlobalSection
	GlobalSection(ProjectConfigurationPlatforms) = postSolution
		{7AC04D74-BA8F-404D-A49C-FEEB87F0FDE2}.Debug|Any CPU.ActiveCfg = Debug|Any CPU
		{7AC04D74-BA8F-404D-A49C-FEEB87F0FDE2}.Debug|Any CPU.Build.0 = Debug|Any CPU
		{7AC04D74-BA8F-404D-A49C-FEEB87F0FDE2}.Release|Any CPU.ActiveCfg = Release|Any CPU
		{7AC04D74-BA8F-404D-A49C-FEEB87F0FDE2}.Release|Any CPU.Build.0 = Release|Any CPU
		{04C818FB-65CF-429A-8354-5254C70AE36D}.Debug|Any CPU.ActiveCfg = Debug|Any CPU
		{04C818FB-65CF-429A-8354-5254C70AE36D}.Debug|Any CPU.Build.0 = Debug|Any CPU
		{04C818FB-65CF-429A-8354-5254C70AE36D}.Release|Any CPU.ActiveCfg = Release|Any CPU
		{04C818FB-65CF-429A-8354-5254C70AE36D}.Release|Any CPU.Build.0 = Release|Any CPU
	EndGlobalSection
	GlobalSection(SolutionProperties) = preSolution
		HideSolutionNode = FALSE
	EndGlobalSection
	GlobalSection(ExtensibilityGlobals) = postSolution
		SolutionGuid = {3CC24FA9-4918-415A-9570-03E755ABA222}
	EndGlobalSection
EndGlobal
