
Microsoft Visual Studio Solution File, Format Version 12.00
# Visual Studio 14
VisualStudioVersion = 14.0.25420.1
MinimumVisualStudioVersion = 10.0.40219.1
Project("{FAE04EC0-301F-11D3-BF4B-00C04F79EFBC}") = "SFA.DAS.CookieService", "SFA.DAS.CookieService\SFA.DAS.CookieService.csproj", "{C96E7515-28E2-434E-BDAA-468BC60AA442}"
EndProject
Project("{FAE04EC0-301F-11D3-BF4B-00C04F79EFBC}") = "SFA.DAS.CookieService.UnitTests", "SFA.DAS.CookieService.UnitTests\SFA.DAS.CookieService.UnitTests.csproj", "{5B9B91ED-73AC-4A42-AD20-B0FF3480920D}"
EndProject
Project("{2150E333-8FDC-42A3-9474-1A3956D46DE8}") = "Build", "Build", "{956EF98C-AB99-4004-BECE-E52D253746DC}"
	ProjectSection(SolutionItems) = preProject
		Build.fsx = Build.fsx
		CustomTargets.fsx = CustomTargets.fsx
		DefaultTargets.fsx = DefaultTargets.fsx
		RunBuild.bat = RunBuild.bat
	EndProjectSection
EndProject
Global
	GlobalSection(SolutionConfigurationPlatforms) = preSolution
		Debug|Any CPU = Debug|Any CPU
		Release|Any CPU = Release|Any CPU
	EndGlobalSection
	GlobalSection(ProjectConfigurationPlatforms) = postSolution
		{C96E7515-28E2-434E-BDAA-468BC60AA442}.Debug|Any CPU.ActiveCfg = Debug|Any CPU
		{C96E7515-28E2-434E-BDAA-468BC60AA442}.Debug|Any CPU.Build.0 = Debug|Any CPU
		{C96E7515-28E2-434E-BDAA-468BC60AA442}.Release|Any CPU.ActiveCfg = Release|Any CPU
		{C96E7515-28E2-434E-BDAA-468BC60AA442}.Release|Any CPU.Build.0 = Release|Any CPU
		{5B9B91ED-73AC-4A42-AD20-B0FF3480920D}.Debug|Any CPU.ActiveCfg = Debug|Any CPU
		{5B9B91ED-73AC-4A42-AD20-B0FF3480920D}.Debug|Any CPU.Build.0 = Debug|Any CPU
		{5B9B91ED-73AC-4A42-AD20-B0FF3480920D}.Release|Any CPU.ActiveCfg = Release|Any CPU
		{5B9B91ED-73AC-4A42-AD20-B0FF3480920D}.Release|Any CPU.Build.0 = Release|Any CPU
	EndGlobalSection
	GlobalSection(SolutionProperties) = preSolution
		HideSolutionNode = FALSE
	EndGlobalSection
EndGlobal
