
Microsoft Visual Studio Solution File, Format Version 12.00
# Visual Studio 14
VisualStudioVersion = 14.0.24720.0
MinimumVisualStudioVersion = 10.0.40219.1
Project("{FAE04EC0-301F-11D3-BF4B-00C04F79EFBC}") = "SFA.DAS.Messaging", "SFA.DAS.Messaging\SFA.DAS.Messaging.csproj", "{B0F2744B-BE9A-4329-BE89-B7D17BFE8F53}"
EndProject
Project("{2150E333-8FDC-42A3-9474-1A3956D46DE8}") = "Tests", "Tests", "{D6739033-3147-445F-B287-18789BD28AF3}"
EndProject
Project("{FAE04EC0-301F-11D3-BF4B-00C04F79EFBC}") = "SFA.DAS.Messaging.UnitTests", "SFA.DAS.Messaging.UnitTests\SFA.DAS.Messaging.UnitTests.csproj", "{D63463E0-C8BD-4D78-851A-C1381C747EB6}"
EndProject
Project("{2150E333-8FDC-42A3-9474-1A3956D46DE8}") = "BuildAndDeploy", "BuildAndDeploy", "{8439A50D-A61E-455B-A444-E3A042B73903}"
	ProjectSection(SolutionItems) = preProject
		Build.fsx = Build.fsx
		RunBuild.bat = RunBuild.bat
	EndProjectSection
EndProject
Global
	GlobalSection(SolutionConfigurationPlatforms) = preSolution
		Debug|Any CPU = Debug|Any CPU
		Release|Any CPU = Release|Any CPU
	EndGlobalSection
	GlobalSection(ProjectConfigurationPlatforms) = postSolution
		{B0F2744B-BE9A-4329-BE89-B7D17BFE8F53}.Debug|Any CPU.ActiveCfg = Debug|Any CPU
		{B0F2744B-BE9A-4329-BE89-B7D17BFE8F53}.Debug|Any CPU.Build.0 = Debug|Any CPU
		{B0F2744B-BE9A-4329-BE89-B7D17BFE8F53}.Release|Any CPU.ActiveCfg = Release|Any CPU
		{B0F2744B-BE9A-4329-BE89-B7D17BFE8F53}.Release|Any CPU.Build.0 = Release|Any CPU
		{D63463E0-C8BD-4D78-851A-C1381C747EB6}.Debug|Any CPU.ActiveCfg = Debug|Any CPU
		{D63463E0-C8BD-4D78-851A-C1381C747EB6}.Debug|Any CPU.Build.0 = Debug|Any CPU
		{D63463E0-C8BD-4D78-851A-C1381C747EB6}.Release|Any CPU.ActiveCfg = Release|Any CPU
		{D63463E0-C8BD-4D78-851A-C1381C747EB6}.Release|Any CPU.Build.0 = Release|Any CPU
	EndGlobalSection
	GlobalSection(SolutionProperties) = preSolution
		HideSolutionNode = FALSE
	EndGlobalSection
	GlobalSection(NestedProjects) = preSolution
		{D63463E0-C8BD-4D78-851A-C1381C747EB6} = {D6739033-3147-445F-B287-18789BD28AF3}
	EndGlobalSection
EndGlobal
