
Microsoft Visual Studio Solution File, Format Version 12.00
# Visual Studio 15
VisualStudioVersion = 15.0.26730.16
MinimumVisualStudioVersion = 10.0.40219.1
Project("{FAE04EC0-301F-11D3-BF4B-00C04F79EFBC}") = "SFA.DAS.Messaging", "SFA.DAS.Messaging\SFA.DAS.Messaging.csproj", "{B0F2744B-BE9A-4329-BE89-B7D17BFE8F53}"
EndProject
Project("{2150E333-8FDC-42A3-9474-1A3956D46DE8}") = "Tests", "Tests", "{D6739033-3147-445F-B287-18789BD28AF3}"
EndProject
Project("{2150E333-8FDC-42A3-9474-1A3956D46DE8}") = "BuildAndDeploy", "BuildAndDeploy", "{8439A50D-A61E-455B-A444-E3A042B73903}"
	ProjectSection(SolutionItems) = preProject
		Build.fsx = Build.fsx
		RunBuild.bat = RunBuild.bat
	EndProjectSection
EndProject
Project("{FAE04EC0-301F-11D3-BF4B-00C04F79EFBC}") = "PublishReceiveSample", "PublishReceiveSample\PublishReceiveSample.csproj", "{291BF54B-0B82-4E22-BC39-E37ADDD792AD}"
EndProject
Project("{2150E333-8FDC-42A3-9474-1A3956D46DE8}") = "Samples", "Samples", "{AA04D4A9-7217-4E88-B933-36E9C1A2E08F}"
EndProject
Project("{FAE04EC0-301F-11D3-BF4B-00C04F79EFBC}") = "SFA.DAS.Messaging.AzureServiceBus", "SFA.DAS.Messaging.AzureServiceBus\SFA.DAS.Messaging.AzureServiceBus.csproj", "{71C7C83D-5BBA-4F13-B31F-B86CA5485422}"
EndProject
Project("{FAE04EC0-301F-11D3-BF4B-00C04F79EFBC}") = "SFA.DAS.Messaging.Syndication", "SFA.DAS.Messaging.Syndication\SFA.DAS.Messaging.Syndication.csproj", "{D3CA1966-E98C-4685-9F36-DD7E9A349BAA}"
EndProject
Project("{FAE04EC0-301F-11D3-BF4B-00C04F79EFBC}") = "SFA.DAS.Messaging.Syndication.UnitTests", "SFA.DAS.Messaging.Syndication.UnitTests\SFA.DAS.Messaging.Syndication.UnitTests.csproj", "{41E0AA5B-3231-4080-99BA-725E30711788}"
EndProject
Project("{FAE04EC0-301F-11D3-BF4B-00C04F79EFBC}") = "SyndicationHost", "SyndicationHost\SyndicationHost.csproj", "{F8D90401-F19A-4BF0-B1B8-38E641B1D994}"
EndProject
Project("{FAE04EC0-301F-11D3-BF4B-00C04F79EFBC}") = "SFA.DAS.Messaging.Syndication.SqlServer", "SFA.DAS.Messaging.Syndication.SqlServer\SFA.DAS.Messaging.Syndication.SqlServer.csproj", "{04F5051A-591D-41D1-A54B-BCCA972DEB6E}"
EndProject
Project("{FAE04EC0-301F-11D3-BF4B-00C04F79EFBC}") = "PubSubSampleGui", "PubSubSampleGui\PubSubSampleGui.csproj", "{7AA08F8D-9915-4498-B7CB-6771F8D2D858}"
EndProject
Project("{FAE04EC0-301F-11D3-BF4B-00C04F79EFBC}") = "SFA.DAS.Messaging.AzureStorageQueue", "SFA.DAS.Messaging.AzureStorageQueue\SFA.DAS.Messaging.AzureStorageQueue.csproj", "{95699E7A-2024-43FD-A27E-20EE3E15E515}"
EndProject
Project("{FAE04EC0-301F-11D3-BF4B-00C04F79EFBC}") = "SFA.DAS.Messaging.UnitTests", "SFA.DAS.Messaging.Tests\SFA.DAS.Messaging.UnitTests.csproj", "{DE681B8B-B889-4E4E-B8C1-6BA41520A26E}"
EndProject
Global
	GlobalSection(SolutionConfigurationPlatforms) = preSolution
		Debug|Any CPU = Debug|Any CPU
		Release|Any CPU = Release|Any CPU
	EndGlobalSection
	GlobalSection(ProjectConfigurationPlatforms) = postSolution
		{B0F2744B-BE9A-4329-BE89-B7D17BFE8F53}.Debug|Any CPU.ActiveCfg = Debug|Any CPU
		{B0F2744B-BE9A-4329-BE89-B7D17BFE8F53}.Debug|Any CPU.Build.0 = Debug|Any CPU
		{B0F2744B-BE9A-4329-BE89-B7D17BFE8F53}.Release|Any CPU.ActiveCfg = Release|Any CPU
		{B0F2744B-BE9A-4329-BE89-B7D17BFE8F53}.Release|Any CPU.Build.0 = Release|Any CPU
		{291BF54B-0B82-4E22-BC39-E37ADDD792AD}.Debug|Any CPU.ActiveCfg = Debug|Any CPU
		{291BF54B-0B82-4E22-BC39-E37ADDD792AD}.Debug|Any CPU.Build.0 = Debug|Any CPU
		{291BF54B-0B82-4E22-BC39-E37ADDD792AD}.Release|Any CPU.ActiveCfg = Release|Any CPU
		{291BF54B-0B82-4E22-BC39-E37ADDD792AD}.Release|Any CPU.Build.0 = Release|Any CPU
		{71C7C83D-5BBA-4F13-B31F-B86CA5485422}.Debug|Any CPU.ActiveCfg = Debug|Any CPU
		{71C7C83D-5BBA-4F13-B31F-B86CA5485422}.Debug|Any CPU.Build.0 = Debug|Any CPU
		{71C7C83D-5BBA-4F13-B31F-B86CA5485422}.Release|Any CPU.ActiveCfg = Release|Any CPU
		{71C7C83D-5BBA-4F13-B31F-B86CA5485422}.Release|Any CPU.Build.0 = Release|Any CPU
		{D3CA1966-E98C-4685-9F36-DD7E9A349BAA}.Debug|Any CPU.ActiveCfg = Debug|Any CPU
		{D3CA1966-E98C-4685-9F36-DD7E9A349BAA}.Debug|Any CPU.Build.0 = Debug|Any CPU
		{D3CA1966-E98C-4685-9F36-DD7E9A349BAA}.Release|Any CPU.ActiveCfg = Release|Any CPU
		{D3CA1966-E98C-4685-9F36-DD7E9A349BAA}.Release|Any CPU.Build.0 = Release|Any CPU
		{41E0AA5B-3231-4080-99BA-725E30711788}.Debug|Any CPU.ActiveCfg = Debug|Any CPU
		{41E0AA5B-3231-4080-99BA-725E30711788}.Debug|Any CPU.Build.0 = Debug|Any CPU
		{41E0AA5B-3231-4080-99BA-725E30711788}.Release|Any CPU.ActiveCfg = Release|Any CPU
		{41E0AA5B-3231-4080-99BA-725E30711788}.Release|Any CPU.Build.0 = Release|Any CPU
		{F8D90401-F19A-4BF0-B1B8-38E641B1D994}.Debug|Any CPU.ActiveCfg = Debug|Any CPU
		{F8D90401-F19A-4BF0-B1B8-38E641B1D994}.Debug|Any CPU.Build.0 = Debug|Any CPU
		{F8D90401-F19A-4BF0-B1B8-38E641B1D994}.Release|Any CPU.ActiveCfg = Release|Any CPU
		{F8D90401-F19A-4BF0-B1B8-38E641B1D994}.Release|Any CPU.Build.0 = Release|Any CPU
		{04F5051A-591D-41D1-A54B-BCCA972DEB6E}.Debug|Any CPU.ActiveCfg = Debug|Any CPU
		{04F5051A-591D-41D1-A54B-BCCA972DEB6E}.Debug|Any CPU.Build.0 = Debug|Any CPU
		{04F5051A-591D-41D1-A54B-BCCA972DEB6E}.Release|Any CPU.ActiveCfg = Release|Any CPU
		{04F5051A-591D-41D1-A54B-BCCA972DEB6E}.Release|Any CPU.Build.0 = Release|Any CPU
		{7AA08F8D-9915-4498-B7CB-6771F8D2D858}.Debug|Any CPU.ActiveCfg = Debug|Any CPU
		{7AA08F8D-9915-4498-B7CB-6771F8D2D858}.Debug|Any CPU.Build.0 = Debug|Any CPU
		{7AA08F8D-9915-4498-B7CB-6771F8D2D858}.Release|Any CPU.ActiveCfg = Release|Any CPU
		{7AA08F8D-9915-4498-B7CB-6771F8D2D858}.Release|Any CPU.Build.0 = Release|Any CPU
		{95699E7A-2024-43FD-A27E-20EE3E15E515}.Debug|Any CPU.ActiveCfg = Debug|Any CPU
		{95699E7A-2024-43FD-A27E-20EE3E15E515}.Debug|Any CPU.Build.0 = Debug|Any CPU
		{95699E7A-2024-43FD-A27E-20EE3E15E515}.Release|Any CPU.ActiveCfg = Release|Any CPU
		{95699E7A-2024-43FD-A27E-20EE3E15E515}.Release|Any CPU.Build.0 = Release|Any CPU
		{DE681B8B-B889-4E4E-B8C1-6BA41520A26E}.Debug|Any CPU.ActiveCfg = Debug|Any CPU
		{DE681B8B-B889-4E4E-B8C1-6BA41520A26E}.Debug|Any CPU.Build.0 = Debug|Any CPU
		{DE681B8B-B889-4E4E-B8C1-6BA41520A26E}.Release|Any CPU.ActiveCfg = Release|Any CPU
		{DE681B8B-B889-4E4E-B8C1-6BA41520A26E}.Release|Any CPU.Build.0 = Release|Any CPU
	EndGlobalSection
	GlobalSection(SolutionProperties) = preSolution
		HideSolutionNode = FALSE
	EndGlobalSection
	GlobalSection(NestedProjects) = preSolution
		{291BF54B-0B82-4E22-BC39-E37ADDD792AD} = {AA04D4A9-7217-4E88-B933-36E9C1A2E08F}
		{41E0AA5B-3231-4080-99BA-725E30711788} = {D6739033-3147-445F-B287-18789BD28AF3}
		{F8D90401-F19A-4BF0-B1B8-38E641B1D994} = {AA04D4A9-7217-4E88-B933-36E9C1A2E08F}
		{7AA08F8D-9915-4498-B7CB-6771F8D2D858} = {AA04D4A9-7217-4E88-B933-36E9C1A2E08F}
		{DE681B8B-B889-4E4E-B8C1-6BA41520A26E} = {D6739033-3147-445F-B287-18789BD28AF3}
	EndGlobalSection
	GlobalSection(ExtensibilityGlobals) = postSolution
		SolutionGuid = {3BFC577E-77D0-44DF-BC8C-2A958FBF75CC}
	EndGlobalSection
EndGlobal
