
Microsoft Visual Studio Solution File, Format Version 12.00
# Visual Studio 15
VisualStudioVersion = 15.0.26730.8
MinimumVisualStudioVersion = 10.0.40219.1
Project("{FAE04EC0-301F-11D3-BF4B-00C04F79EFBC}") = "SFA.DAS.UI.Activities", "SFA.DAS.UI.Activities\SFA.DAS.UI.Activities.csproj", "{2CDF8F0C-8606-4AD7-8B8C-6A3AF212A458}"
EndProject
Project("{FAE04EC0-301F-11D3-BF4B-00C04F79EFBC}") = "WebApplication1", "WebApplication1\WebApplication1.csproj", "{9B36DBC4-27BF-4DC3-861E-CFE90166CF3E}"
EndProject
Project("{FAE04EC0-301F-11D3-BF4B-00C04F79EFBC}") = "SFA.DAS.UI.Activities.DataAccess", "SFA.DAS.UI.Activities.DataAccess\SFA.DAS.UI.Activities.DataAccess.csproj", "{F31D9E4C-F714-4E91-8692-1285428EFA4C}"
EndProject
Project("{FAE04EC0-301F-11D3-BF4B-00C04F79EFBC}") = "NuGet", "NuGet\NuGet.csproj", "{948F920F-180E-4DAB-B4A7-2EAC7A72ACCB}"
EndProject
Project("{FAE04EC0-301F-11D3-BF4B-00C04F79EFBC}") = "SFA.DAS.UI.Activities.Domain", "SFA.DAS.UI.Activities.Domain\SFA.DAS.UI.Activities.Domain.csproj", "{E5999BE1-784F-4BA1-B707-68849F3FBD2D}"
EndProject
Project("{FAE04EC0-301F-11D3-BF4B-00C04F79EFBC}") = "SFA.DAS.UI.Activities.Web.Tests", "SFA.DAS.UI.Activities.Web.Tests\SFA.DAS.UI.Activities.Web.Tests.csproj", "{41B32A8D-BE29-435A-B269-559F92E75F77}"
EndProject
Project("{FAE04EC0-301F-11D3-BF4B-00C04F79EFBC}") = "SFA.DAS.UI.DataAccess.Tests", "SFA.DAS.UI.DataAccess.Tests\SFA.DAS.UI.DataAccess.Tests.csproj", "{6E822A89-FF6D-4259-806E-A3050F6E6E31}"
EndProject
Global
	GlobalSection(SolutionConfigurationPlatforms) = preSolution
		Debug|Any CPU = Debug|Any CPU
		Release|Any CPU = Release|Any CPU
	EndGlobalSection
	GlobalSection(ProjectConfigurationPlatforms) = postSolution
		{2CDF8F0C-8606-4AD7-8B8C-6A3AF212A458}.Debug|Any CPU.ActiveCfg = Debug|Any CPU
		{2CDF8F0C-8606-4AD7-8B8C-6A3AF212A458}.Debug|Any CPU.Build.0 = Debug|Any CPU
		{2CDF8F0C-8606-4AD7-8B8C-6A3AF212A458}.Release|Any CPU.ActiveCfg = Release|Any CPU
		{2CDF8F0C-8606-4AD7-8B8C-6A3AF212A458}.Release|Any CPU.Build.0 = Release|Any CPU
		{9B36DBC4-27BF-4DC3-861E-CFE90166CF3E}.Debug|Any CPU.ActiveCfg = Debug|Any CPU
		{9B36DBC4-27BF-4DC3-861E-CFE90166CF3E}.Debug|Any CPU.Build.0 = Debug|Any CPU
		{9B36DBC4-27BF-4DC3-861E-CFE90166CF3E}.Release|Any CPU.ActiveCfg = Release|Any CPU
		{9B36DBC4-27BF-4DC3-861E-CFE90166CF3E}.Release|Any CPU.Build.0 = Release|Any CPU
		{F31D9E4C-F714-4E91-8692-1285428EFA4C}.Debug|Any CPU.ActiveCfg = Debug|Any CPU
		{F31D9E4C-F714-4E91-8692-1285428EFA4C}.Debug|Any CPU.Build.0 = Debug|Any CPU
		{F31D9E4C-F714-4E91-8692-1285428EFA4C}.Release|Any CPU.ActiveCfg = Release|Any CPU
		{F31D9E4C-F714-4E91-8692-1285428EFA4C}.Release|Any CPU.Build.0 = Release|Any CPU
		{948F920F-180E-4DAB-B4A7-2EAC7A72ACCB}.Debug|Any CPU.ActiveCfg = Debug|Any CPU
		{948F920F-180E-4DAB-B4A7-2EAC7A72ACCB}.Debug|Any CPU.Build.0 = Debug|Any CPU
		{948F920F-180E-4DAB-B4A7-2EAC7A72ACCB}.Release|Any CPU.ActiveCfg = Release|Any CPU
		{948F920F-180E-4DAB-B4A7-2EAC7A72ACCB}.Release|Any CPU.Build.0 = Release|Any CPU
		{E5999BE1-784F-4BA1-B707-68849F3FBD2D}.Debug|Any CPU.ActiveCfg = Debug|Any CPU
		{E5999BE1-784F-4BA1-B707-68849F3FBD2D}.Debug|Any CPU.Build.0 = Debug|Any CPU
		{E5999BE1-784F-4BA1-B707-68849F3FBD2D}.Release|Any CPU.ActiveCfg = Release|Any CPU
		{E5999BE1-784F-4BA1-B707-68849F3FBD2D}.Release|Any CPU.Build.0 = Release|Any CPU
		{41B32A8D-BE29-435A-B269-559F92E75F77}.Debug|Any CPU.ActiveCfg = Debug|Any CPU
		{41B32A8D-BE29-435A-B269-559F92E75F77}.Debug|Any CPU.Build.0 = Debug|Any CPU
		{41B32A8D-BE29-435A-B269-559F92E75F77}.Release|Any CPU.ActiveCfg = Release|Any CPU
		{41B32A8D-BE29-435A-B269-559F92E75F77}.Release|Any CPU.Build.0 = Release|Any CPU
		{6E822A89-FF6D-4259-806E-A3050F6E6E31}.Debug|Any CPU.ActiveCfg = Debug|Any CPU
		{6E822A89-FF6D-4259-806E-A3050F6E6E31}.Debug|Any CPU.Build.0 = Debug|Any CPU
		{6E822A89-FF6D-4259-806E-A3050F6E6E31}.Release|Any CPU.ActiveCfg = Release|Any CPU
		{6E822A89-FF6D-4259-806E-A3050F6E6E31}.Release|Any CPU.Build.0 = Release|Any CPU
	EndGlobalSection
	GlobalSection(SolutionProperties) = preSolution
		HideSolutionNode = FALSE
	EndGlobalSection
	GlobalSection(ExtensibilityGlobals) = postSolution
		SolutionGuid = {5F1EDECF-B9EA-4B8E-9DC0-01D6E9C318D2}
	EndGlobalSection
EndGlobal
