
Microsoft Visual Studio Solution File, Format Version 12.00
# Visual Studio 14
VisualStudioVersion = 14.0.25123.0
MinimumVisualStudioVersion = 10.0.40219.1
Project("{FAE04EC0-301F-11D3-BF4B-00C04F79EFBC}") = "SFA.DAS.Tasks.Api.Types", "SFA.DAS.Tasks.Api.Types\SFA.DAS.Tasks.Api.Types.csproj", "{E1E60BA1-5838-474E-BDA0-810D7A5B126E}"
EndProject
Project("{FAE04EC0-301F-11D3-BF4B-00C04F79EFBC}") = "SFA.DAS.Tasks.Api.Client", "SFA.DAS.Tasks.Api.Client\SFA.DAS.Tasks.Api.Client.csproj", "{E442B238-0C69-449E-A2C5-FD890CF6A7DC}"
EndProject
Project("{2150E333-8FDC-42A3-9474-1A3956D46DE8}") = "BuildAndDeploy", "BuildAndDeploy", "{677B002D-8621-490D-BB3C-49E441CB65BE}"
	ProjectSection(SolutionItems) = preProject
		Build.fsx = Build.fsx
		RunBuild.bat = RunBuild.bat
	EndProjectSection
EndProject
Global
	GlobalSection(SolutionConfigurationPlatforms) = preSolution
		Debug|Any CPU = Debug|Any CPU
		Release|Any CPU = Release|Any CPU
	EndGlobalSection
	GlobalSection(ProjectConfigurationPlatforms) = postSolution
		{E1E60BA1-5838-474E-BDA0-810D7A5B126E}.Debug|Any CPU.ActiveCfg = Debug|Any CPU
		{E1E60BA1-5838-474E-BDA0-810D7A5B126E}.Debug|Any CPU.Build.0 = Debug|Any CPU
		{E1E60BA1-5838-474E-BDA0-810D7A5B126E}.Release|Any CPU.ActiveCfg = Release|Any CPU
		{E1E60BA1-5838-474E-BDA0-810D7A5B126E}.Release|Any CPU.Build.0 = Release|Any CPU
		{E442B238-0C69-449E-A2C5-FD890CF6A7DC}.Debug|Any CPU.ActiveCfg = Debug|Any CPU
		{E442B238-0C69-449E-A2C5-FD890CF6A7DC}.Debug|Any CPU.Build.0 = Debug|Any CPU
		{E442B238-0C69-449E-A2C5-FD890CF6A7DC}.Release|Any CPU.ActiveCfg = Release|Any CPU
		{E442B238-0C69-449E-A2C5-FD890CF6A7DC}.Release|Any CPU.Build.0 = Release|Any CPU
	EndGlobalSection
	GlobalSection(SolutionProperties) = preSolution
		HideSolutionNode = FALSE
	EndGlobalSection
EndGlobal
