
Microsoft Visual Studio Solution File, Format Version 12.00
Project("{FAE04EC0-301F-11D3-BF4B-00C04F79EFBC}") = "SFA.DAS.InputValidation", "SFA.DAS.InputValidation\SFA.DAS.InputValidation.csproj", "{00391D8F-59EA-488D-AAAD-0701A121A3DF}"
EndProject
Project("{2150E333-8FDC-42A3-9474-1A3956D46DE8}") = "UnitTests", "UnitTests", "{2E5B2E6D-2D64-473E-8726-1FFC7E86265E}"
EndProject
Project("{FAE04EC0-301F-11D3-BF4B-00C04F79EFBC}") = "SFA.DAS.InputValidation.UnitTests", "SFA.DAS.InputValidation.UnitTests\SFA.DAS.InputValidation.UnitTests.csproj", "{66D1BE70-BAEA-4AB7-88ED-0D045549939D}"
EndProject
Global
	GlobalSection(SolutionConfigurationPlatforms) = preSolution
		Debug|Any CPU = Debug|Any CPU
		Release|Any CPU = Release|Any CPU
	EndGlobalSection
	GlobalSection(ProjectConfigurationPlatforms) = postSolution
		{00391D8F-59EA-488D-AAAD-0701A121A3DF}.Debug|Any CPU.ActiveCfg = Debug|Any CPU
		{00391D8F-59EA-488D-AAAD-0701A121A3DF}.Debug|Any CPU.Build.0 = Debug|Any CPU
		{00391D8F-59EA-488D-AAAD-0701A121A3DF}.Release|Any CPU.ActiveCfg = Release|Any CPU
		{00391D8F-59EA-488D-AAAD-0701A121A3DF}.Release|Any CPU.Build.0 = Release|Any CPU
		{66D1BE70-BAEA-4AB7-88ED-0D045549939D}.Debug|Any CPU.ActiveCfg = Debug|Any CPU
		{66D1BE70-BAEA-4AB7-88ED-0D045549939D}.Debug|Any CPU.Build.0 = Debug|Any CPU
		{66D1BE70-BAEA-4AB7-88ED-0D045549939D}.Release|Any CPU.ActiveCfg = Release|Any CPU
		{66D1BE70-BAEA-4AB7-88ED-0D045549939D}.Release|Any CPU.Build.0 = Release|Any CPU
	EndGlobalSection
	GlobalSection(NestedProjects) = preSolution
		{66D1BE70-BAEA-4AB7-88ED-0D045549939D} = {2E5B2E6D-2D64-473E-8726-1FFC7E86265E}
	EndGlobalSection
EndGlobal
