
Microsoft Visual Studio Solution File, Format Version 12.00
# Visual Studio 15
VisualStudioVersion = 15.0.26430.15
MinimumVisualStudioVersion = 10.0.40219.1
Project("{FAE04EC0-301F-11D3-BF4B-00C04F79EFBC}") = "SFA.DAS.Http.UnitTests", "SFA.DAS.Http.UnitTests\SFA.DAS.Http.UnitTests.csproj", "{42582BF0-6ECE-4388-88DC-A6AFA17B4756}"
EndProject
Project("{FAE04EC0-301F-11D3-BF4B-00C04F79EFBC}") = "SFA.DAS.Http", "SFA.DAS.Http\SFA.DAS.Http.csproj", "{0C939C1F-B833-4048-9B72-668359A6ED86}"
EndProject
Project("{FAE04EC0-301F-11D3-BF4B-00C04F79EFBC}") = "SFA.DAS.Http.TestHarness", "SFA.DAS.Http.TestHarness\SFA.DAS.Http.TestHarness.csproj", "{4392F02B-B2C1-4361-B880-3DDAFE51E32D}"
EndProject
Global
	GlobalSection(SolutionConfigurationPlatforms) = preSolution
		Debug|Any CPU = Debug|Any CPU
		Release|Any CPU = Release|Any CPU
	EndGlobalSection
	GlobalSection(ProjectConfigurationPlatforms) = postSolution
		{42582BF0-6ECE-4388-88DC-A6AFA17B4756}.Debug|Any CPU.ActiveCfg = Debug|Any CPU
		{42582BF0-6ECE-4388-88DC-A6AFA17B4756}.Debug|Any CPU.Build.0 = Debug|Any CPU
		{42582BF0-6ECE-4388-88DC-A6AFA17B4756}.Release|Any CPU.ActiveCfg = Release|Any CPU
		{42582BF0-6ECE-4388-88DC-A6AFA17B4756}.Release|Any CPU.Build.0 = Release|Any CPU
		{0C939C1F-B833-4048-9B72-668359A6ED86}.Debug|Any CPU.ActiveCfg = Debug|Any CPU
		{0C939C1F-B833-4048-9B72-668359A6ED86}.Debug|Any CPU.Build.0 = Debug|Any CPU
		{0C939C1F-B833-4048-9B72-668359A6ED86}.Release|Any CPU.ActiveCfg = Release|Any CPU
		{0C939C1F-B833-4048-9B72-668359A6ED86}.Release|Any CPU.Build.0 = Release|Any CPU
		{4392F02B-B2C1-4361-B880-3DDAFE51E32D}.Debug|Any CPU.ActiveCfg = Debug|Any CPU
		{4392F02B-B2C1-4361-B880-3DDAFE51E32D}.Debug|Any CPU.Build.0 = Debug|Any CPU
		{4392F02B-B2C1-4361-B880-3DDAFE51E32D}.Release|Any CPU.ActiveCfg = Release|Any CPU
		{4392F02B-B2C1-4361-B880-3DDAFE51E32D}.Release|Any CPU.Build.0 = Release|Any CPU
	EndGlobalSection
	GlobalSection(SolutionProperties) = preSolution
		HideSolutionNode = FALSE
	EndGlobalSection
EndGlobal
