
Microsoft Visual Studio Solution File, Format Version 12.00
# Visual Studio Version 16
VisualStudioVersion = 16.0.28803.352
MinimumVisualStudioVersion = 10.0.40219.1
Project("{FAE04EC0-301F-11D3-BF4B-00C04F79EFBC}") = "SFA.DAS.Provider.Idams.Stub.Extensions", "SFA.DAS.Provider.Idams.Stub.Extensions\SFA.DAS.Provider.Idams.Stub.Extensions.csproj", "{6643A4E9-77E6-42ED-91E2-A80D426A5BA0}"
EndProject
Global
	GlobalSection(SolutionConfigurationPlatforms) = preSolution
		Debug|Any CPU = Debug|Any CPU
		Release|Any CPU = Release|Any CPU
	EndGlobalSection
	GlobalSection(ProjectConfigurationPlatforms) = postSolution
		{6643A4E9-77E6-42ED-91E2-A80D426A5BA0}.Debug|Any CPU.ActiveCfg = Debug|Any CPU
		{6643A4E9-77E6-42ED-91E2-A80D426A5BA0}.Debug|Any CPU.Build.0 = Debug|Any CPU
		{6643A4E9-77E6-42ED-91E2-A80D426A5BA0}.Release|Any CPU.ActiveCfg = Release|Any CPU
		{6643A4E9-77E6-42ED-91E2-A80D426A5BA0}.Release|Any CPU.Build.0 = Release|Any CPU
	EndGlobalSection
	GlobalSection(SolutionProperties) = preSolution
		HideSolutionNode = FALSE
	EndGlobalSection
	GlobalSection(ExtensibilityGlobals) = postSolution
		SolutionGuid = {64A2E21C-7EC4-4C35-A4E1-55CFD736F90D}
	EndGlobalSection
EndGlobal
