
Microsoft Visual Studio Solution File, Format Version 12.00
# Visual Studio 14
VisualStudioVersion = 14.0.25123.0
MinimumVisualStudioVersion = 10.0.40219.1
Project("{FAE04EC0-301F-11D3-BF4B-00C04F79EFBC}") = "SFA.DAS.Commitments.Api.Client", "SFA.DAS.Commitments.Api.Client\SFA.DAS.Commitments.Api.Client.csproj", "{DEA2C098-EC17-4485-961D-A7F48720D37D}"
EndProject
Project("{FAE04EC0-301F-11D3-BF4B-00C04F79EFBC}") = "SFA.DAS.Commitments.Api.Types", "SFA.DAS.Commitments.Api.Types\SFA.DAS.Commitments.Api.Types.csproj", "{B3D79E6A-7A5E-4B52-9A78-6AE6F1009166}"
EndProject
Global
	GlobalSection(SolutionConfigurationPlatforms) = preSolution
		Debug|Any CPU = Debug|Any CPU
		Release|Any CPU = Release|Any CPU
	EndGlobalSection
	GlobalSection(ProjectConfigurationPlatforms) = postSolution
		{DEA2C098-EC17-4485-961D-A7F48720D37D}.Debug|Any CPU.ActiveCfg = Debug|Any CPU
		{DEA2C098-EC17-4485-961D-A7F48720D37D}.Debug|Any CPU.Build.0 = Debug|Any CPU
		{DEA2C098-EC17-4485-961D-A7F48720D37D}.Release|Any CPU.ActiveCfg = Release|Any CPU
		{DEA2C098-EC17-4485-961D-A7F48720D37D}.Release|Any CPU.Build.0 = Release|Any CPU
		{B3D79E6A-7A5E-4B52-9A78-6AE6F1009166}.Debug|Any CPU.ActiveCfg = Debug|Any CPU
		{B3D79E6A-7A5E-4B52-9A78-6AE6F1009166}.Debug|Any CPU.Build.0 = Debug|Any CPU
		{B3D79E6A-7A5E-4B52-9A78-6AE6F1009166}.Release|Any CPU.ActiveCfg = Release|Any CPU
		{B3D79E6A-7A5E-4B52-9A78-6AE6F1009166}.Release|Any CPU.Build.0 = Release|Any CPU
	EndGlobalSection
	GlobalSection(SolutionProperties) = preSolution
		HideSolutionNode = FALSE
	EndGlobalSection
EndGlobal
