
Microsoft Visual Studio Solution File, Format Version 12.00
# Visual Studio 14
VisualStudioVersion = 14.0.25123.0
MinimumVisualStudioVersion = 10.0.40219.1
Project("{FAE04EC0-301F-11D3-BF4B-00C04F79EFBC}") = "SFA.DAS.CodeGenerator", "AccessCodeGenerator\SFA.DAS.CodeGenerator.csproj", "{66DA3258-34C5-4DD3-B209-A388E75316B3}"
EndProject
Project("{FAE04EC0-301F-11D3-BF4B-00C04F79EFBC}") = "SFA.DAS.CodeGenerator.UnitTests", "AccessCodeGenerator.UnitTests\SFA.DAS.CodeGenerator.UnitTests.csproj", "{5A501F16-BB15-4EFE-9737-530C215568E8}"
EndProject
Global
	GlobalSection(SolutionConfigurationPlatforms) = preSolution
		Debug|Any CPU = Debug|Any CPU
		Release|Any CPU = Release|Any CPU
	EndGlobalSection
	GlobalSection(ProjectConfigurationPlatforms) = postSolution
		{66DA3258-34C5-4DD3-B209-A388E75316B3}.Debug|Any CPU.ActiveCfg = Debug|Any CPU
		{66DA3258-34C5-4DD3-B209-A388E75316B3}.Debug|Any CPU.Build.0 = Debug|Any CPU
		{66DA3258-34C5-4DD3-B209-A388E75316B3}.Release|Any CPU.ActiveCfg = Release|Any CPU
		{66DA3258-34C5-4DD3-B209-A388E75316B3}.Release|Any CPU.Build.0 = Release|Any CPU
		{5A501F16-BB15-4EFE-9737-530C215568E8}.Debug|Any CPU.ActiveCfg = Debug|Any CPU
		{5A501F16-BB15-4EFE-9737-530C215568E8}.Debug|Any CPU.Build.0 = Debug|Any CPU
		{5A501F16-BB15-4EFE-9737-530C215568E8}.Release|Any CPU.ActiveCfg = Release|Any CPU
		{5A501F16-BB15-4EFE-9737-530C215568E8}.Release|Any CPU.Build.0 = Release|Any CPU
	EndGlobalSection
	GlobalSection(SolutionProperties) = preSolution
		HideSolutionNode = FALSE
	EndGlobalSection
EndGlobal
