
Microsoft Visual Studio Solution File, Format Version 12.00
# Visual Studio 15
VisualStudioVersion = 15.0.28307.329
MinimumVisualStudioVersion = 10.0.40219.1
Project("{FAE04EC0-301F-11D3-BF4B-00C04F79EFBC}") = "SFA.DAS.DfESignIn.SampleSite.Classic", "SFA.DAS.DfESignIn.SampleSite.Classic.csproj", "{1B22F969-0729-4DF9-8B69-952B3CC83EA5}"
EndProject
Global
	GlobalSection(SolutionConfigurationPlatforms) = preSolution
		Debug|Any CPU = Debug|Any CPU
		Release|Any CPU = Release|Any CPU
	EndGlobalSection
	GlobalSection(ProjectConfigurationPlatforms) = postSolution
		{1B22F969-0729-4DF9-8B69-952B3CC83EA5}.Debug|Any CPU.ActiveCfg = Debug|Any CPU
		{1B22F969-0729-4DF9-8B69-952B3CC83EA5}.Debug|Any CPU.Build.0 = Debug|Any CPU
		{1B22F969-0729-4DF9-8B69-952B3CC83EA5}.Release|Any CPU.ActiveCfg = Release|Any CPU
		{1B22F969-0729-4DF9-8B69-952B3CC83EA5}.Release|Any CPU.Build.0 = Release|Any CPU
	EndGlobalSection
	GlobalSection(SolutionProperties) = preSolution
		HideSolutionNode = FALSE
	EndGlobalSection
	GlobalSection(ExtensibilityGlobals) = postSolution
		SolutionGuid = {0F2AE38B-093A-4106-B0A8-09D14475F5DE}
	EndGlobalSection
EndGlobal
