
Microsoft Visual Studio Solution File, Format Version 12.00
# Visual Studio 15
VisualStudioVersion = 15.0.27428.2015
MinimumVisualStudioVersion = 10.0.40219.1
Project("{FAE04EC0-301F-11D3-BF4B-00C04F79EFBC}") = "SFA.DAS.Testing", "SFA.DAS.Testing\SFA.DAS.Testing.csproj", "{3E32B5FA-92BD-492F-8FB7-75D5E34C7120}"
EndProject
Project("{FAE04EC0-301F-11D3-BF4B-00C04F79EFBC}") = "SFA.DAS.Testing.EntityFramework", "SFA.DAS.Testing.EntityFramework\SFA.DAS.Testing.EntityFramework.csproj", "{B4C1C1AE-7274-47D8-82DA-1A13DBBCE8C0}"
EndProject
Global
	GlobalSection(SolutionConfigurationPlatforms) = preSolution
		Debug|Any CPU = Debug|Any CPU
		Release|Any CPU = Release|Any CPU
	EndGlobalSection
	GlobalSection(ProjectConfigurationPlatforms) = postSolution
		{3E32B5FA-92BD-492F-8FB7-75D5E34C7120}.Debug|Any CPU.ActiveCfg = Debug|Any CPU
		{3E32B5FA-92BD-492F-8FB7-75D5E34C7120}.Debug|Any CPU.Build.0 = Debug|Any CPU
		{3E32B5FA-92BD-492F-8FB7-75D5E34C7120}.Release|Any CPU.ActiveCfg = Release|Any CPU
		{3E32B5FA-92BD-492F-8FB7-75D5E34C7120}.Release|Any CPU.Build.0 = Release|Any CPU
		{B4C1C1AE-7274-47D8-82DA-1A13DBBCE8C0}.Debug|Any CPU.ActiveCfg = Debug|Any CPU
		{B4C1C1AE-7274-47D8-82DA-1A13DBBCE8C0}.Debug|Any CPU.Build.0 = Debug|Any CPU
		{B4C1C1AE-7274-47D8-82DA-1A13DBBCE8C0}.Release|Any CPU.ActiveCfg = Release|Any CPU
		{B4C1C1AE-7274-47D8-82DA-1A13DBBCE8C0}.Release|Any CPU.Build.0 = Release|Any CPU
	EndGlobalSection
	GlobalSection(SolutionProperties) = preSolution
		HideSolutionNode = FALSE
	EndGlobalSection
	GlobalSection(ExtensibilityGlobals) = postSolution
		SolutionGuid = {F10E9818-B99A-49C9-BC61-99489C205B54}
	EndGlobalSection
EndGlobal
