
Microsoft Visual Studio Solution File, Format Version 12.00
# Visual Studio 15
VisualStudioVersion = 15.0.27428.2015
MinimumVisualStudioVersion = 10.0.40219.1
Project("{FAE04EC0-301F-11D3-BF4B-00C04F79EFBC}") = "SFA.DAS.Testing", "SFA.DAS.Testing\SFA.DAS.Testing.csproj", "{AF6A3461-2FF1-4773-9E55-549AE55182B1}"
EndProject
Global
	GlobalSection(SolutionConfigurationPlatforms) = preSolution
		Debug|Any CPU = Debug|Any CPU
		Release|Any CPU = Release|Any CPU
	EndGlobalSection
	GlobalSection(ProjectConfigurationPlatforms) = postSolution
		{AF6A3461-2FF1-4773-9E55-549AE55182B1}.Debug|Any CPU.ActiveCfg = Debug|Any CPU
		{AF6A3461-2FF1-4773-9E55-549AE55182B1}.Debug|Any CPU.Build.0 = Debug|Any CPU
		{AF6A3461-2FF1-4773-9E55-549AE55182B1}.Release|Any CPU.ActiveCfg = Release|Any CPU
		{AF6A3461-2FF1-4773-9E55-549AE55182B1}.Release|Any CPU.Build.0 = Release|Any CPU
	EndGlobalSection
	GlobalSection(SolutionProperties) = preSolution
		HideSolutionNode = FALSE
	EndGlobalSection
	GlobalSection(ExtensibilityGlobals) = postSolution
		SolutionGuid = {F10E9818-B99A-49C9-BC61-99489C205B54}
	EndGlobalSection
EndGlobal
