
Microsoft Visual Studio Solution File, Format Version 12.00
# Visual Studio Version 16
VisualStudioVersion = 16.0.28917.181
MinimumVisualStudioVersion = 10.0.40219.1
Project("{9A19103F-16F7-4668-BE54-9A1E7A4F7556}") = "SFA.DAS.BadLanguage", "SFA.DAS.BadLanguage\SFA.DAS.BadLanguage.csproj", "{8187E121-1DD7-4E1D-BC4A-50FA4996241D}"
EndProject
Project("{FAE04EC0-301F-11D3-BF4B-00C04F79EFBC}") = "SFA.DAS.BadLanguage.UnitTests", "SFA.DAS.BadLanguage.UnitTests\SFA.DAS.BadLanguage.UnitTests.csproj", "{BDB87637-D163-4B80-A749-5AEACCC724A5}"
EndProject
Global
	GlobalSection(SolutionConfigurationPlatforms) = preSolution
		Debug|Any CPU = Debug|Any CPU
		Release|Any CPU = Release|Any CPU
	EndGlobalSection
	GlobalSection(ProjectConfigurationPlatforms) = postSolution
		{8187E121-1DD7-4E1D-BC4A-50FA4996241D}.Debug|Any CPU.ActiveCfg = Debug|Any CPU
		{8187E121-1DD7-4E1D-BC4A-50FA4996241D}.Debug|Any CPU.Build.0 = Debug|Any CPU
		{8187E121-1DD7-4E1D-BC4A-50FA4996241D}.Release|Any CPU.ActiveCfg = Release|Any CPU
		{8187E121-1DD7-4E1D-BC4A-50FA4996241D}.Release|Any CPU.Build.0 = Release|Any CPU
		{BDB87637-D163-4B80-A749-5AEACCC724A5}.Debug|Any CPU.ActiveCfg = Debug|Any CPU
		{BDB87637-D163-4B80-A749-5AEACCC724A5}.Debug|Any CPU.Build.0 = Debug|Any CPU
		{BDB87637-D163-4B80-A749-5AEACCC724A5}.Release|Any CPU.ActiveCfg = Release|Any CPU
		{BDB87637-D163-4B80-A749-5AEACCC724A5}.Release|Any CPU.Build.0 = Release|Any CPU
	EndGlobalSection
	GlobalSection(SolutionProperties) = preSolution
		HideSolutionNode = FALSE
	EndGlobalSection
	GlobalSection(ExtensibilityGlobals) = postSolution
		SolutionGuid = {F6B535CE-1352-4F19-8E56-258C0A29E950}
	EndGlobalSection
EndGlobal
