
Microsoft Visual Studio Solution File, Format Version 12.00
# Visual Studio Version 17
VisualStudioVersion = 17.7.34031.279
MinimumVisualStudioVersion = 10.0.40219.1
Project("{FAE04EC0-301F-11D3-BF4B-00C04F79EFBC}") = "SFA.DAS.Authorization.TokenGenerator", "SFA.DAS.Authorization.TokenGenerator\SFA.DAS.Authorization.TokenGenerator.csproj", "{7494B180-D420-4399-A878-B4B02FFA5895}"
EndProject
Global
	GlobalSection(SolutionConfigurationPlatforms) = preSolution
		Debug|Any CPU = Debug|Any CPU
		Release|Any CPU = Release|Any CPU
	EndGlobalSection
	GlobalSection(ProjectConfigurationPlatforms) = postSolution
		{7494B180-D420-4399-A878-B4B02FFA5895}.Debug|Any CPU.ActiveCfg = Debug|Any CPU
		{7494B180-D420-4399-A878-B4B02FFA5895}.Debug|Any CPU.Build.0 = Debug|Any CPU
		{7494B180-D420-4399-A878-B4B02FFA5895}.Release|Any CPU.ActiveCfg = Release|Any CPU
		{7494B180-D420-4399-A878-B4B02FFA5895}.Release|Any CPU.Build.0 = Release|Any CPU
	EndGlobalSection
	GlobalSection(SolutionProperties) = preSolution
		HideSolutionNode = FALSE
	EndGlobalSection
	GlobalSection(ExtensibilityGlobals) = postSolution
		SolutionGuid = {F5C775AF-55BA-4DB7-A84F-81F19108034B}
	EndGlobalSection
EndGlobal
