
Microsoft Visual Studio Solution File, Format Version 12.00
# Visual Studio 15
VisualStudioVersion = 15.0.28307.136
MinimumVisualStudioVersion = 10.0.40219.1
Project("{9A19103F-16F7-4668-BE54-9A1E7A4F7556}") = "SFA.DAS.VacancyServices.Wage", "SFA.DAS.VacancyServices.Wage\SFA.DAS.VacancyServices.Wage.csproj", "{938DB4DE-AB07-4417-8C3B-D7A3D8535A90}"
EndProject
Project("{9A19103F-16F7-4668-BE54-9A1E7A4F7556}") = "SFA.DAS.VacancyServices.Wage.UnitTests", "SFA.DAS.VacancyServices.Wage.UnitTests\SFA.DAS.VacancyServices.Wage.UnitTests.csproj", "{2AD594E9-90B7-4DF5-9719-1160EEA875EC}"
EndProject
Global
	GlobalSection(SolutionConfigurationPlatforms) = preSolution
		Debug|Any CPU = Debug|Any CPU
		Release|Any CPU = Release|Any CPU
	EndGlobalSection
	GlobalSection(ProjectConfigurationPlatforms) = postSolution
		{938DB4DE-AB07-4417-8C3B-D7A3D8535A90}.Debug|Any CPU.ActiveCfg = Debug|Any CPU
		{938DB4DE-AB07-4417-8C3B-D7A3D8535A90}.Debug|Any CPU.Build.0 = Debug|Any CPU
		{938DB4DE-AB07-4417-8C3B-D7A3D8535A90}.Release|Any CPU.ActiveCfg = Release|Any CPU
		{938DB4DE-AB07-4417-8C3B-D7A3D8535A90}.Release|Any CPU.Build.0 = Release|Any CPU
		{2AD594E9-90B7-4DF5-9719-1160EEA875EC}.Debug|Any CPU.ActiveCfg = Debug|Any CPU
		{2AD594E9-90B7-4DF5-9719-1160EEA875EC}.Debug|Any CPU.Build.0 = Debug|Any CPU
		{2AD594E9-90B7-4DF5-9719-1160EEA875EC}.Release|Any CPU.ActiveCfg = Release|Any CPU
		{2AD594E9-90B7-4DF5-9719-1160EEA875EC}.Release|Any CPU.Build.0 = Release|Any CPU
	EndGlobalSection
	GlobalSection(SolutionProperties) = preSolution
		HideSolutionNode = FALSE
	EndGlobalSection
	GlobalSection(ExtensibilityGlobals) = postSolution
		SolutionGuid = {9A6AA9A3-2AE1-418F-AEF9-79378E7E48C9}
	EndGlobalSection
EndGlobal
