
Microsoft Visual Studio Solution File, Format Version 12.00
# Visual Studio 15
VisualStudioVersion = 15.0.26730.16
MinimumVisualStudioVersion = 10.0.40219.1
Project("{FAE04EC0-301F-11D3-BF4B-00C04F79EFBC}") = "SFA.DAS.Common.Domain", "SFA.DAS.Common.Domain\SFA.DAS.Common.Domain.csproj", "{4AFA4D2B-FCC7-44AC-BFE9-AE50EC18BCA9}"
EndProject
Global
	GlobalSection(SolutionConfigurationPlatforms) = preSolution
		Debug|Any CPU = Debug|Any CPU
		Release|Any CPU = Release|Any CPU
	EndGlobalSection
	GlobalSection(ProjectConfigurationPlatforms) = postSolution
		{4AFA4D2B-FCC7-44AC-BFE9-AE50EC18BCA9}.Debug|Any CPU.ActiveCfg = Debug|Any CPU
		{4AFA4D2B-FCC7-44AC-BFE9-AE50EC18BCA9}.Debug|Any CPU.Build.0 = Debug|Any CPU
		{4AFA4D2B-FCC7-44AC-BFE9-AE50EC18BCA9}.Release|Any CPU.ActiveCfg = Release|Any CPU
		{4AFA4D2B-FCC7-44AC-BFE9-AE50EC18BCA9}.Release|Any CPU.Build.0 = Release|Any CPU
	EndGlobalSection
	GlobalSection(SolutionProperties) = preSolution
		HideSolutionNode = FALSE
	EndGlobalSection
	GlobalSection(ExtensibilityGlobals) = postSolution
		SolutionGuid = {431C7C74-0F31-412A-B78B-E2A8F5D5ED45}
	EndGlobalSection
EndGlobal
